# This file is generated by running "yarn install" inside your project.
# Manual changes might be lost - proceed with caution!

__metadata:
  version: 6

"janus-idp-backstage-scaffolder-backend-module-quay-dynamic@workspace:.":
  version: 0.0.0-use.local
  resolution: "janus-idp-backstage-scaffolder-backend-module-quay-dynamic@workspace:."
  peerDependencies:
    "@backstage/backend-plugin-api": ^1.0.1
    "@backstage/plugin-scaffolder-node": ^0.5.0
  languageName: unknown
  linkType: soft
