# This file is generated by running "yarn install" inside your project.
# Manual changes might be lost - proceed with caution!

__metadata:
  version: 8
  cacheKey: 10c0

"backstage-plugin-catalog-backend-module-bitbucket-cloud-dynamic@workspace:.":
  version: 0.0.0-use.local
  resolution: "backstage-plugin-catalog-backend-module-bitbucket-cloud-dynamic@workspace:."
  dependencies:
    cross-fetch: "npm:^4.0.0"
    uuid: "npm:^9.0.0"
  peerDependencies:
    "@backstage/backend-common": 0.21.6
    "@backstage/backend-plugin-api": 0.6.16
    "@backstage/backend-tasks": ^0.5.21
    "@backstage/catalog-client": ^1.6.3
    "@backstage/catalog-model": ^1.4.5
    "@backstage/config": ^1.2.0
    "@backstage/integration": ^1.9.1
    "@backstage/plugin-catalog-common": ^1.0.22
    "@backstage/plugin-catalog-node": 1.11.0
    "@backstage/plugin-events-node": ^0.3.2
  languageName: unknown
  linkType: soft

"cross-fetch@npm:^4.0.0":
  version: 4.0.0
  resolution: "cross-fetch@npm:4.0.0"
  dependencies:
    node-fetch: "npm:^2.6.12"
  checksum: 10c0/386727dc4c6b044746086aced959ff21101abb85c43df5e1d151547ccb6f338f86dec3f28b9dbddfa8ff5b9ec8662ed2263ad4607a93b2dc354fb7fe3bbb898a
  languageName: node
  linkType: hard

"node-fetch@npm:^2.6.12":
  version: 2.7.0
  resolution: "node-fetch@npm:2.7.0"
  dependencies:
    whatwg-url: "npm:^5.0.0"
  peerDependencies:
    encoding: ^0.1.0
  peerDependenciesMeta:
    encoding:
      optional: true
  checksum: 10c0/b55786b6028208e6fbe594ccccc213cab67a72899c9234eb59dba51062a299ea853210fcf526998eaa2867b0963ad72338824450905679ff0fa304b8c5093ae8
  languageName: node
  linkType: hard

"tr46@npm:~0.0.3":
  version: 0.0.3
  resolution: "tr46@npm:0.0.3"
  checksum: 10c0/047cb209a6b60c742f05c9d3ace8fa510bff609995c129a37ace03476a9b12db4dbf975e74600830ef0796e18882b2381fb5fb1f6b4f96b832c374de3ab91a11
  languageName: node
  linkType: hard

"uuid@npm:^9.0.0":
  version: 9.0.1
  resolution: "uuid@npm:9.0.1"
  bin:
    uuid: dist/bin/uuid
  checksum: 10c0/1607dd32ac7fc22f2d8f77051e6a64845c9bce5cd3dd8aa0070c074ec73e666a1f63c7b4e0f4bf2bc8b9d59dc85a15e17807446d9d2b17c8485fbc2147b27f9b
  languageName: node
  linkType: hard

"webidl-conversions@npm:^3.0.0":
  version: 3.0.1
  resolution: "webidl-conversions@npm:3.0.1"
  checksum: 10c0/5612d5f3e54760a797052eb4927f0ddc01383550f542ccd33d5238cfd65aeed392a45ad38364970d0a0f4fea32e1f4d231b3d8dac4a3bdd385e5cf802ae097db
  languageName: node
  linkType: hard

"whatwg-url@npm:^5.0.0":
  version: 5.0.0
  resolution: "whatwg-url@npm:5.0.0"
  dependencies:
    tr46: "npm:~0.0.3"
    webidl-conversions: "npm:^3.0.0"
  checksum: 10c0/1588bed84d10b72d5eec1d0faa0722ba1962f1821e7539c535558fb5398d223b0c50d8acab950b8c488b4ba69043fd833cc2697056b167d8ad46fac3995a55d5
  languageName: node
  linkType: hard
