# This file is generated by running "yarn install" inside your project.
# Manual changes might be lost - proceed with caution!

__metadata:
  version: 6
  cacheKey: 8

"@azure/abort-controller@npm:^2.0.0":
  version: 2.1.2
  resolution: "@azure/abort-controller@npm:2.1.2"
  dependencies:
    tslib: ^2.6.2
  checksum: 22176c04ea01498311c6bbd336669f6e3faffad1cbb0c9ebc6ee9c1ff2cf958fd17ce73c7354b99d8bda9fcd311325ece7bee248875279174e3fc460e8b1a63d
  languageName: node
  linkType: hard

"@azure/core-auth@npm:^1.4.0, @azure/core-auth@npm:^1.8.0, @azure/core-auth@npm:^1.9.0":
  version: 1.9.0
  resolution: "@azure/core-auth@npm:1.9.0"
  dependencies:
    "@azure/abort-controller": ^2.0.0
    "@azure/core-util": ^1.11.0
    tslib: ^2.6.2
  checksum: 4050112188db093c5e01caca0175708c767054c0cea4202430ff43ee42a16430235752ccc0002caea1796c8f01b4f6369c878762bf4c1b2f61af1b7ac13182fc
  languageName: node
  linkType: hard

"@azure/core-client@npm:^1.9.2":
  version: 1.9.2
  resolution: "@azure/core-client@npm:1.9.2"
  dependencies:
    "@azure/abort-controller": ^2.0.0
    "@azure/core-auth": ^1.4.0
    "@azure/core-rest-pipeline": ^1.9.1
    "@azure/core-tracing": ^1.0.0
    "@azure/core-util": ^1.6.1
    "@azure/logger": ^1.0.0
    tslib: ^2.6.2
  checksum: 961b829dfda4f734a763e9480a2ea622a7031ba2da4126d0add6e351a9f73ddc5782bf2b766735d976b61da3857014e0a90223d1f85d1c68468747a7a56851c3
  languageName: node
  linkType: hard

"@azure/core-rest-pipeline@npm:^1.17.0, @azure/core-rest-pipeline@npm:^1.9.1":
  version: 1.18.0
  resolution: "@azure/core-rest-pipeline@npm:1.18.0"
  dependencies:
    "@azure/abort-controller": ^2.0.0
    "@azure/core-auth": ^1.8.0
    "@azure/core-tracing": ^1.0.1
    "@azure/core-util": ^1.11.0
    "@azure/logger": ^1.0.0
    http-proxy-agent: ^7.0.0
    https-proxy-agent: ^7.0.0
    tslib: ^2.6.2
  checksum: 4c8e6572938fd693494ec44477b58afa7c16aed7ea8ef061fcc0cf8a8e602d7ea07676f46b8c850d38e04e5ac4ab10888f88bce8ffac6db1bd3b77bf07a07f29
  languageName: node
  linkType: hard

"@azure/core-tracing@npm:^1.0.0, @azure/core-tracing@npm:^1.0.1":
  version: 1.2.0
  resolution: "@azure/core-tracing@npm:1.2.0"
  dependencies:
    tslib: ^2.6.2
  checksum: 202ebf411a3076bd2c48b7a4c1b63335f53be6dd97f7d53500e3191b7ed0fdad25de219f422e777fde824031fd5c67087654de0304a5c0cd67c38cdcab96117c
  languageName: node
  linkType: hard

"@azure/core-util@npm:^1.11.0, @azure/core-util@npm:^1.6.1":
  version: 1.11.0
  resolution: "@azure/core-util@npm:1.11.0"
  dependencies:
    "@azure/abort-controller": ^2.0.0
    tslib: ^2.6.2
  checksum: 91e3ec329d9eddaa66be5efb1785dad68dcb48dd779fca36e39db041673230510158ff5ca9ccef9f19c3e4d8e9af29f66a367cfc31a7b94d2541f80ef94ec797
  languageName: node
  linkType: hard

"@azure/identity@npm:^4.0.0":
  version: 4.5.0
  resolution: "@azure/identity@npm:4.5.0"
  dependencies:
    "@azure/abort-controller": ^2.0.0
    "@azure/core-auth": ^1.9.0
    "@azure/core-client": ^1.9.2
    "@azure/core-rest-pipeline": ^1.17.0
    "@azure/core-tracing": ^1.0.0
    "@azure/core-util": ^1.11.0
    "@azure/logger": ^1.0.0
    "@azure/msal-browser": ^3.26.1
    "@azure/msal-node": ^2.15.0
    events: ^3.0.0
    jws: ^4.0.0
    open: ^8.0.0
    stoppable: ^1.1.0
    tslib: ^2.2.0
  checksum: 07d15898f194a220376d8d9c0ee891c93c6da188e44e76810fb781bf3bb7424498a6c1fa5b92c5a4d31f62b7398953f8a5bcf0f0ed57ed72239ce1c4f594b355
  languageName: node
  linkType: hard

"@azure/logger@npm:^1.0.0":
  version: 1.1.4
  resolution: "@azure/logger@npm:1.1.4"
  dependencies:
    tslib: ^2.6.2
  checksum: d4bfd83f31afc465689e02ac2d8eb0a1c6573cc47ea3fa18778c5d7d096ee7a4fdc130f00e9d162ec8ed192aeb9a54d5c3ab15bd7a12bbe039d5f594ba0f797b
  languageName: node
  linkType: hard

"@azure/msal-browser@npm:^3.26.1":
  version: 3.27.0
  resolution: "@azure/msal-browser@npm:3.27.0"
  dependencies:
    "@azure/msal-common": 14.16.0
  checksum: 22c7d087380405f87139a7dfa579b8a49a17d5493e748e1e609f5733bb7549dd5b8558d709f81500f8faa3feebbc2245f8978adc96dc2ce84c54825b37301465
  languageName: node
  linkType: hard

"@azure/msal-common@npm:14.16.0":
  version: 14.16.0
  resolution: "@azure/msal-common@npm:14.16.0"
  checksum: 01ec26e22243c5c435b97db085e96f5488733336c142b65a118ee6e523a548d3f17d013147810948cceaee7bdc339362bb9b2799fc9ea53c9d4c9aa10d8987e3
  languageName: node
  linkType: hard

"@azure/msal-node@npm:^2.15.0":
  version: 2.16.2
  resolution: "@azure/msal-node@npm:2.16.2"
  dependencies:
    "@azure/msal-common": 14.16.0
    jsonwebtoken: ^9.0.0
    uuid: ^8.3.0
  checksum: 3676972cf7e1e91ea60773d7054275534239d209989da4c4c1aa790790ba309a2da58d6c593b6465feb1c7028772fce77757227e7ac9631b3a79e4f5a0a81aab
  languageName: node
  linkType: hard

"@microsoft/microsoft-graph-types@npm:^2.6.0":
  version: 2.40.0
  resolution: "@microsoft/microsoft-graph-types@npm:2.40.0"
  checksum: 3892e910baf4fcf2d1bcee4c71683e3707818be6ff1b4b9dbc29b9e2eab942ea0b171b3023d4620213f10d93d03611e6615706a3d1af4ca44028491a0544ccaf
  languageName: node
  linkType: hard

"@types/node-fetch@npm:^2.5.12":
  version: 2.6.12
  resolution: "@types/node-fetch@npm:2.6.12"
  dependencies:
    "@types/node": "*"
    form-data: ^4.0.0
  checksum: 9647e68f9a125a090220c38d77b3c8e669c488658ae7506f1b4f9568214beba087624b1705bba1dc76649a65281ce3fd5b400e15266cbef8088027fb88777557
  languageName: node
  linkType: hard

"@types/node@npm:*":
  version: 22.9.1
  resolution: "@types/node@npm:22.9.1"
  dependencies:
    undici-types: ~6.19.8
  checksum: dee25051e8d89f38b2b26c0714ce60acd1e3f9b1b946131ce3c6e64d626a134f1bec2d948f7ead3da0136aeb7672234f066f97f8290e6aead236e43f4ecb5a68
  languageName: node
  linkType: hard

"agent-base@npm:^7.0.2, agent-base@npm:^7.1.0":
  version: 7.1.1
  resolution: "agent-base@npm:7.1.1"
  dependencies:
    debug: ^4.3.4
  checksum: 51c158769c5c051482f9ca2e6e1ec085ac72b5a418a9b31b4e82fe6c0a6699adb94c1c42d246699a587b3335215037091c79e0de512c516f73b6ea844202f037
  languageName: node
  linkType: hard

"asynckit@npm:^0.4.0":
  version: 0.4.0
  resolution: "asynckit@npm:0.4.0"
  checksum: 7b78c451df768adba04e2d02e63e2d0bf3b07adcd6e42b4cf665cb7ce899bedd344c69a1dcbce355b5f972d597b25aaa1c1742b52cffd9caccb22f348114f6be
  languageName: node
  linkType: hard

"backstage-plugin-catalog-backend-module-msgraph-dynamic@workspace:.":
  version: 0.0.0-use.local
  resolution: "backstage-plugin-catalog-backend-module-msgraph-dynamic@workspace:."
  dependencies:
    "@azure/identity": ^4.0.0
    "@microsoft/microsoft-graph-types": ^2.6.0
    "@types/node-fetch": ^2.5.12
    lodash: ^4.17.21
    node-fetch: ^2.7.0
    p-limit: ^3.0.2
    qs: ^6.9.4
    uuid: ^9.0.0
  peerDependencies:
    "@backstage/backend-plugin-api": ^1.0.1
    "@backstage/catalog-model": ^1.7.0
    "@backstage/config": ^1.2.0
    "@backstage/plugin-catalog-common": ^1.1.0
    "@backstage/plugin-catalog-node": ^1.13.1
  languageName: unknown
  linkType: soft

"buffer-equal-constant-time@npm:1.0.1":
  version: 1.0.1
  resolution: "buffer-equal-constant-time@npm:1.0.1"
  checksum: 80bb945f5d782a56f374b292770901065bad21420e34936ecbe949e57724b4a13874f735850dd1cc61f078773c4fb5493a41391e7bda40d1fa388d6bd80daaab
  languageName: node
  linkType: hard

"call-bind@npm:^1.0.7":
  version: 1.0.7
  resolution: "call-bind@npm:1.0.7"
  dependencies:
    es-define-property: ^1.0.0
    es-errors: ^1.3.0
    function-bind: ^1.1.2
    get-intrinsic: ^1.2.4
    set-function-length: ^1.2.1
  checksum: 295c0c62b90dd6522e6db3b0ab1ce26bdf9e7404215bda13cfee25b626b5ff1a7761324d58d38b1ef1607fc65aca2d06e44d2e18d0dfc6c14b465b00d8660029
  languageName: node
  linkType: hard

"combined-stream@npm:^1.0.8":
  version: 1.0.8
  resolution: "combined-stream@npm:1.0.8"
  dependencies:
    delayed-stream: ~1.0.0
  checksum: 49fa4aeb4916567e33ea81d088f6584749fc90c7abec76fd516bf1c5aa5c79f3584b5ba3de6b86d26ddd64bae5329c4c7479343250cfe71c75bb366eae53bb7c
  languageName: node
  linkType: hard

"debug@npm:4, debug@npm:^4.3.4":
  version: 4.3.7
  resolution: "debug@npm:4.3.7"
  dependencies:
    ms: ^2.1.3
  peerDependenciesMeta:
    supports-color:
      optional: true
  checksum: 822d74e209cd910ef0802d261b150314bbcf36c582ccdbb3e70f0894823c17e49a50d3e66d96b633524263975ca16b6a833f3e3b7e030c157169a5fabac63160
  languageName: node
  linkType: hard

"define-data-property@npm:^1.1.4":
  version: 1.1.4
  resolution: "define-data-property@npm:1.1.4"
  dependencies:
    es-define-property: ^1.0.0
    es-errors: ^1.3.0
    gopd: ^1.0.1
  checksum: 8068ee6cab694d409ac25936eb861eea704b7763f7f342adbdfe337fc27c78d7ae0eff2364b2917b58c508d723c7a074326d068eef2e45c4edcd85cf94d0313b
  languageName: node
  linkType: hard

"define-lazy-prop@npm:^2.0.0":
  version: 2.0.0
  resolution: "define-lazy-prop@npm:2.0.0"
  checksum: 0115fdb065e0490918ba271d7339c42453d209d4cb619dfe635870d906731eff3e1ade8028bb461ea27ce8264ec5e22c6980612d332895977e89c1bbc80fcee2
  languageName: node
  linkType: hard

"delayed-stream@npm:~1.0.0":
  version: 1.0.0
  resolution: "delayed-stream@npm:1.0.0"
  checksum: 46fe6e83e2cb1d85ba50bd52803c68be9bd953282fa7096f51fc29edd5d67ff84ff753c51966061e5ba7cb5e47ef6d36a91924eddb7f3f3483b1c560f77a0020
  languageName: node
  linkType: hard

"ecdsa-sig-formatter@npm:1.0.11":
  version: 1.0.11
  resolution: "ecdsa-sig-formatter@npm:1.0.11"
  dependencies:
    safe-buffer: ^5.0.1
  checksum: 207f9ab1c2669b8e65540bce29506134613dd5f122cccf1e6a560f4d63f2732d427d938f8481df175505aad94583bcb32c688737bb39a6df0625f903d6d93c03
  languageName: node
  linkType: hard

"es-define-property@npm:^1.0.0":
  version: 1.0.0
  resolution: "es-define-property@npm:1.0.0"
  dependencies:
    get-intrinsic: ^1.2.4
  checksum: f66ece0a887b6dca71848fa71f70461357c0e4e7249696f81bad0a1f347eed7b31262af4a29f5d726dc026426f085483b6b90301855e647aa8e21936f07293c6
  languageName: node
  linkType: hard

"es-errors@npm:^1.3.0":
  version: 1.3.0
  resolution: "es-errors@npm:1.3.0"
  checksum: ec1414527a0ccacd7f15f4a3bc66e215f04f595ba23ca75cdae0927af099b5ec865f9f4d33e9d7e86f512f252876ac77d4281a7871531a50678132429b1271b5
  languageName: node
  linkType: hard

"events@npm:^3.0.0":
  version: 3.3.0
  resolution: "events@npm:3.3.0"
  checksum: f6f487ad2198aa41d878fa31452f1a3c00958f46e9019286ff4787c84aac329332ab45c9cdc8c445928fc6d7ded294b9e005a7fce9426488518017831b272780
  languageName: node
  linkType: hard

"form-data@npm:^4.0.0":
  version: 4.0.1
  resolution: "form-data@npm:4.0.1"
  dependencies:
    asynckit: ^0.4.0
    combined-stream: ^1.0.8
    mime-types: ^2.1.12
  checksum: ccee458cd5baf234d6b57f349fe9cc5f9a2ea8fd1af5ecda501a18fd1572a6dd3bf08a49f00568afd995b6a65af34cb8dec083cf9d582c4e621836499498dd84
  languageName: node
  linkType: hard

"function-bind@npm:^1.1.2":
  version: 1.1.2
  resolution: "function-bind@npm:1.1.2"
  checksum: 2b0ff4ce708d99715ad14a6d1f894e2a83242e4a52ccfcefaee5e40050562e5f6dafc1adbb4ce2d4ab47279a45dc736ab91ea5042d843c3c092820dfe032efb1
  languageName: node
  linkType: hard

"get-intrinsic@npm:^1.1.3, get-intrinsic@npm:^1.2.4":
  version: 1.2.4
  resolution: "get-intrinsic@npm:1.2.4"
  dependencies:
    es-errors: ^1.3.0
    function-bind: ^1.1.2
    has-proto: ^1.0.1
    has-symbols: ^1.0.3
    hasown: ^2.0.0
  checksum: 414e3cdf2c203d1b9d7d33111df746a4512a1aa622770b361dadddf8ed0b5aeb26c560f49ca077e24bfafb0acb55ca908d1f709216ccba33ffc548ec8a79a951
  languageName: node
  linkType: hard

"gopd@npm:^1.0.1":
  version: 1.0.1
  resolution: "gopd@npm:1.0.1"
  dependencies:
    get-intrinsic: ^1.1.3
  checksum: a5ccfb8806e0917a94e0b3de2af2ea4979c1da920bc381667c260e00e7cafdbe844e2cb9c5bcfef4e5412e8bf73bab837285bc35c7ba73aaaf0134d4583393a6
  languageName: node
  linkType: hard

"has-property-descriptors@npm:^1.0.2":
  version: 1.0.2
  resolution: "has-property-descriptors@npm:1.0.2"
  dependencies:
    es-define-property: ^1.0.0
  checksum: fcbb246ea2838058be39887935231c6d5788babed499d0e9d0cc5737494c48aba4fe17ba1449e0d0fbbb1e36175442faa37f9c427ae357d6ccb1d895fbcd3de3
  languageName: node
  linkType: hard

"has-proto@npm:^1.0.1":
  version: 1.0.3
  resolution: "has-proto@npm:1.0.3"
  checksum: fe7c3d50b33f50f3933a04413ed1f69441d21d2d2944f81036276d30635cad9279f6b43bc8f32036c31ebdfcf6e731150f46c1907ad90c669ffe9b066c3ba5c4
  languageName: node
  linkType: hard

"has-symbols@npm:^1.0.3":
  version: 1.0.3
  resolution: "has-symbols@npm:1.0.3"
  checksum: a054c40c631c0d5741a8285010a0777ea0c068f99ed43e5d6eb12972da223f8af553a455132fdb0801bdcfa0e0f443c0c03a68d8555aa529b3144b446c3f2410
  languageName: node
  linkType: hard

"hasown@npm:^2.0.0":
  version: 2.0.2
  resolution: "hasown@npm:2.0.2"
  dependencies:
    function-bind: ^1.1.2
  checksum: e8516f776a15149ca6c6ed2ae3110c417a00b62260e222590e54aa367cbcd6ed99122020b37b7fbdf05748df57b265e70095d7bf35a47660587619b15ffb93db
  languageName: node
  linkType: hard

"http-proxy-agent@npm:^7.0.0":
  version: 7.0.2
  resolution: "http-proxy-agent@npm:7.0.2"
  dependencies:
    agent-base: ^7.1.0
    debug: ^4.3.4
  checksum: 670858c8f8f3146db5889e1fa117630910101db601fff7d5a8aa637da0abedf68c899f03d3451cac2f83bcc4c3d2dabf339b3aa00ff8080571cceb02c3ce02f3
  languageName: node
  linkType: hard

"https-proxy-agent@npm:^7.0.0":
  version: 7.0.5
  resolution: "https-proxy-agent@npm:7.0.5"
  dependencies:
    agent-base: ^7.0.2
    debug: 4
  checksum: 2e1a28960f13b041a50702ee74f240add8e75146a5c37fc98f1960f0496710f6918b3a9fe1e5aba41e50f58e6df48d107edd9c405c5f0d73ac260dabf2210857
  languageName: node
  linkType: hard

"is-docker@npm:^2.0.0, is-docker@npm:^2.1.1":
  version: 2.2.1
  resolution: "is-docker@npm:2.2.1"
  bin:
    is-docker: cli.js
  checksum: 3fef7ddbf0be25958e8991ad941901bf5922ab2753c46980b60b05c1bf9c9c2402d35e6dc32e4380b980ef5e1970a5d9d5e5aa2e02d77727c3b6b5e918474c56
  languageName: node
  linkType: hard

"is-wsl@npm:^2.2.0":
  version: 2.2.0
  resolution: "is-wsl@npm:2.2.0"
  dependencies:
    is-docker: ^2.0.0
  checksum: 20849846ae414997d290b75e16868e5261e86ff5047f104027026fd61d8b5a9b0b3ade16239f35e1a067b3c7cc02f70183cb661010ed16f4b6c7c93dad1b19d8
  languageName: node
  linkType: hard

"jsonwebtoken@npm:^9.0.0":
  version: 9.0.2
  resolution: "jsonwebtoken@npm:9.0.2"
  dependencies:
    jws: ^3.2.2
    lodash.includes: ^4.3.0
    lodash.isboolean: ^3.0.3
    lodash.isinteger: ^4.0.4
    lodash.isnumber: ^3.0.3
    lodash.isplainobject: ^4.0.6
    lodash.isstring: ^4.0.1
    lodash.once: ^4.0.0
    ms: ^2.1.1
    semver: ^7.5.4
  checksum: fc739a6a8b33f1974f9772dca7f8493ca8df4cc31c5a09dcfdb7cff77447dcf22f4236fb2774ef3fe50df0abeb8e1c6f4c41eba82f500a804ab101e2fbc9d61a
  languageName: node
  linkType: hard

"jwa@npm:^1.4.1":
  version: 1.4.1
  resolution: "jwa@npm:1.4.1"
  dependencies:
    buffer-equal-constant-time: 1.0.1
    ecdsa-sig-formatter: 1.0.11
    safe-buffer: ^5.0.1
  checksum: ff30ea7c2dcc61f3ed2098d868bf89d43701605090c5b21b5544b512843ec6fd9e028381a4dda466cbcdb885c2d1150f7c62e7168394ee07941b4098e1035e2f
  languageName: node
  linkType: hard

"jwa@npm:^2.0.0":
  version: 2.0.0
  resolution: "jwa@npm:2.0.0"
  dependencies:
    buffer-equal-constant-time: 1.0.1
    ecdsa-sig-formatter: 1.0.11
    safe-buffer: ^5.0.1
  checksum: 8f00b71ad5fe94cb55006d0d19202f8f56889109caada2f7eeb63ca81755769ce87f4f48101967f398462e3b8ae4faebfbd5a0269cb755dead5d63c77ba4d2f1
  languageName: node
  linkType: hard

"jws@npm:^3.2.2":
  version: 3.2.2
  resolution: "jws@npm:3.2.2"
  dependencies:
    jwa: ^1.4.1
    safe-buffer: ^5.0.1
  checksum: f0213fe5b79344c56cd443428d8f65c16bf842dc8cb8f5aed693e1e91d79c20741663ad6eff07a6d2c433d1831acc9814e8d7bada6a0471fbb91d09ceb2bf5c2
  languageName: node
  linkType: hard

"jws@npm:^4.0.0":
  version: 4.0.0
  resolution: "jws@npm:4.0.0"
  dependencies:
    jwa: ^2.0.0
    safe-buffer: ^5.0.1
  checksum: d68d07aa6d1b8cb35c363a9bd2b48f15064d342a5d9dc18a250dbbce8dc06bd7e4792516c50baa16b8d14f61167c19e851fd7f66b59ecc68b7f6a013759765f7
  languageName: node
  linkType: hard

"lodash.includes@npm:^4.3.0":
  version: 4.3.0
  resolution: "lodash.includes@npm:4.3.0"
  checksum: 71092c130515a67ab3bd928f57f6018434797c94def7f46aafa417771e455ce3a4834889f4267b17887d7f75297dfabd96231bf704fd2b8c5096dc4a913568b6
  languageName: node
  linkType: hard

"lodash.isboolean@npm:^3.0.3":
  version: 3.0.3
  resolution: "lodash.isboolean@npm:3.0.3"
  checksum: b70068b4a8b8837912b54052557b21fc4774174e3512ed3c5b94621e5aff5eb6c68089d0a386b7e801d679cd105d2e35417978a5e99071750aa2ed90bffd0250
  languageName: node
  linkType: hard

"lodash.isinteger@npm:^4.0.4":
  version: 4.0.4
  resolution: "lodash.isinteger@npm:4.0.4"
  checksum: 6034821b3fc61a2ffc34e7d5644bb50c5fd8f1c0121c554c21ac271911ee0c0502274852845005f8651d51e199ee2e0cfebfe40aaa49c7fe617f603a8a0b1691
  languageName: node
  linkType: hard

"lodash.isnumber@npm:^3.0.3":
  version: 3.0.3
  resolution: "lodash.isnumber@npm:3.0.3"
  checksum: 913784275b565346255e6ae6a6e30b760a0da70abc29f3e1f409081585875105138cda4a429ff02577e1bc0a7ae2a90e0a3079a37f3a04c3d6c5aaa532f4cab2
  languageName: node
  linkType: hard

"lodash.isplainobject@npm:^4.0.6":
  version: 4.0.6
  resolution: "lodash.isplainobject@npm:4.0.6"
  checksum: 29c6351f281e0d9a1d58f1a4c8f4400924b4c79f18dfc4613624d7d54784df07efaff97c1ff2659f3e085ecf4fff493300adc4837553104cef2634110b0d5337
  languageName: node
  linkType: hard

"lodash.isstring@npm:^4.0.1":
  version: 4.0.1
  resolution: "lodash.isstring@npm:4.0.1"
  checksum: eaac87ae9636848af08021083d796e2eea3d02e80082ab8a9955309569cb3a463ce97fd281d7dc119e402b2e7d8c54a23914b15d2fc7fff56461511dc8937ba0
  languageName: node
  linkType: hard

"lodash.once@npm:^4.0.0":
  version: 4.1.1
  resolution: "lodash.once@npm:4.1.1"
  checksum: d768fa9f9b4e1dc6453be99b753906f58990e0c45e7b2ca5a3b40a33111e5d17f6edf2f768786e2716af90a8e78f8f91431ab8435f761fef00f9b0c256f6d245
  languageName: node
  linkType: hard

"lodash@npm:^4.17.21":
  version: 4.17.21
  resolution: "lodash@npm:4.17.21"
  checksum: eb835a2e51d381e561e508ce932ea50a8e5a68f4ebdd771ea240d3048244a8d13658acbd502cd4829768c56f2e16bdd4340b9ea141297d472517b83868e677f7
  languageName: node
  linkType: hard

"mime-db@npm:1.52.0":
  version: 1.52.0
  resolution: "mime-db@npm:1.52.0"
  checksum: 0d99a03585f8b39d68182803b12ac601d9c01abfa28ec56204fa330bc9f3d1c5e14beb049bafadb3dbdf646dfb94b87e24d4ec7b31b7279ef906a8ea9b6a513f
  languageName: node
  linkType: hard

"mime-types@npm:^2.1.12":
  version: 2.1.35
  resolution: "mime-types@npm:2.1.35"
  dependencies:
    mime-db: 1.52.0
  checksum: 89a5b7f1def9f3af5dad6496c5ed50191ae4331cc5389d7c521c8ad28d5fdad2d06fd81baf38fed813dc4e46bb55c8145bb0ff406330818c9cf712fb2e9b3836
  languageName: node
  linkType: hard

"ms@npm:^2.1.1, ms@npm:^2.1.3":
  version: 2.1.3
  resolution: "ms@npm:2.1.3"
  checksum: aa92de608021b242401676e35cfa5aa42dd70cbdc082b916da7fb925c542173e36bce97ea3e804923fe92c0ad991434e4a38327e15a1b5b5f945d66df615ae6d
  languageName: node
  linkType: hard

"node-fetch@npm:^2.7.0":
  version: 2.7.0
  resolution: "node-fetch@npm:2.7.0"
  dependencies:
    whatwg-url: ^5.0.0
  peerDependencies:
    encoding: ^0.1.0
  peerDependenciesMeta:
    encoding:
      optional: true
  checksum: d76d2f5edb451a3f05b15115ec89fc6be39de37c6089f1b6368df03b91e1633fd379a7e01b7ab05089a25034b2023d959b47e59759cb38d88341b2459e89d6e5
  languageName: node
  linkType: hard

"object-inspect@npm:^1.13.1":
  version: 1.13.3
  resolution: "object-inspect@npm:1.13.3"
  checksum: 8c962102117241e18ea403b84d2521f78291b774b03a29ee80a9863621d88265ffd11d0d7e435c4c2cea0dc2a2fbf8bbc92255737a05536590f2df2e8756f297
  languageName: node
  linkType: hard

"open@npm:^8.0.0":
  version: 8.4.2
  resolution: "open@npm:8.4.2"
  dependencies:
    define-lazy-prop: ^2.0.0
    is-docker: ^2.1.1
    is-wsl: ^2.2.0
  checksum: 6388bfff21b40cb9bd8f913f9130d107f2ed4724ea81a8fd29798ee322b361ca31fa2cdfb491a5c31e43a3996cfe9566741238c7a741ada8d7af1cb78d85cf26
  languageName: node
  linkType: hard

"p-limit@npm:^3.0.2":
  version: 3.1.0
  resolution: "p-limit@npm:3.1.0"
  dependencies:
    yocto-queue: ^0.1.0
  checksum: 7c3690c4dbf62ef625671e20b7bdf1cbc9534e83352a2780f165b0d3ceba21907e77ad63401708145ca4e25bfc51636588d89a8c0aeb715e6c37d1c066430360
  languageName: node
  linkType: hard

"qs@npm:^6.9.4":
  version: 6.13.1
  resolution: "qs@npm:6.13.1"
  dependencies:
    side-channel: ^1.0.6
  checksum: 86c5059146955fab76624e95771031541328c171b1d63d48a7ac3b1fdffe262faf8bc5fcadc1684e6f3da3ec87a8dedc8c0009792aceb20c5e94dc34cf468bb9
  languageName: node
  linkType: hard

"safe-buffer@npm:^5.0.1":
  version: 5.2.1
  resolution: "safe-buffer@npm:5.2.1"
  checksum: b99c4b41fdd67a6aaf280fcd05e9ffb0813654894223afb78a31f14a19ad220bba8aba1cb14eddce1fcfb037155fe6de4e861784eb434f7d11ed58d1e70dd491
  languageName: node
  linkType: hard

"semver@npm:^7.5.4":
  version: 7.6.3
  resolution: "semver@npm:7.6.3"
  bin:
    semver: bin/semver.js
  checksum: 4110ec5d015c9438f322257b1c51fe30276e5f766a3f64c09edd1d7ea7118ecbc3f379f3b69032bacf13116dc7abc4ad8ce0d7e2bd642e26b0d271b56b61a7d8
  languageName: node
  linkType: hard

"set-function-length@npm:^1.2.1":
  version: 1.2.2
  resolution: "set-function-length@npm:1.2.2"
  dependencies:
    define-data-property: ^1.1.4
    es-errors: ^1.3.0
    function-bind: ^1.1.2
    get-intrinsic: ^1.2.4
    gopd: ^1.0.1
    has-property-descriptors: ^1.0.2
  checksum: a8248bdacdf84cb0fab4637774d9fb3c7a8e6089866d04c817583ff48e14149c87044ce683d7f50759a8c50fb87c7a7e173535b06169c87ef76f5fb276dfff72
  languageName: node
  linkType: hard

"side-channel@npm:^1.0.6":
  version: 1.0.6
  resolution: "side-channel@npm:1.0.6"
  dependencies:
    call-bind: ^1.0.7
    es-errors: ^1.3.0
    get-intrinsic: ^1.2.4
    object-inspect: ^1.13.1
  checksum: bfc1afc1827d712271453e91b7cd3878ac0efd767495fd4e594c4c2afaa7963b7b510e249572bfd54b0527e66e4a12b61b80c061389e129755f34c493aad9b97
  languageName: node
  linkType: hard

"stoppable@npm:^1.1.0":
  version: 1.1.0
  resolution: "stoppable@npm:1.1.0"
  checksum: 63104fcbdece130bc4906fd982061e763d2ef48065ed1ab29895e5ad00552c625f8a4c50c9cd2e3bfa805c8a2c3bfdda0f07c5ae39694bd2d5cb0bee1618d1e9
  languageName: node
  linkType: hard

"tr46@npm:~0.0.3":
  version: 0.0.3
  resolution: "tr46@npm:0.0.3"
  checksum: 726321c5eaf41b5002e17ffbd1fb7245999a073e8979085dacd47c4b4e8068ff5777142fc6726d6ca1fd2ff16921b48788b87225cbc57c72636f6efa8efbffe3
  languageName: node
  linkType: hard

"tslib@npm:^2.2.0, tslib@npm:^2.6.2":
  version: 2.8.1
  resolution: "tslib@npm:2.8.1"
  checksum: e4aba30e632b8c8902b47587fd13345e2827fa639e7c3121074d5ee0880723282411a8838f830b55100cbe4517672f84a2472667d355b81e8af165a55dc6203a
  languageName: node
  linkType: hard

"undici-types@npm:~6.19.8":
  version: 6.19.8
  resolution: "undici-types@npm:6.19.8"
  checksum: de51f1b447d22571cf155dfe14ff6d12c5bdaec237c765085b439c38ca8518fc360e88c70f99469162bf2e14188a7b0bcb06e1ed2dc031042b984b0bb9544017
  languageName: node
  linkType: hard

"uuid@npm:^8.3.0":
  version: 8.3.2
  resolution: "uuid@npm:8.3.2"
  bin:
    uuid: dist/bin/uuid
  checksum: 5575a8a75c13120e2f10e6ddc801b2c7ed7d8f3c8ac22c7ed0c7b2ba6383ec0abda88c905085d630e251719e0777045ae3236f04c812184b7c765f63a70e58df
  languageName: node
  linkType: hard

"uuid@npm:^9.0.0":
  version: 9.0.1
  resolution: "uuid@npm:9.0.1"
  bin:
    uuid: dist/bin/uuid
  checksum: 39931f6da74e307f51c0fb463dc2462807531dc80760a9bff1e35af4316131b4fc3203d16da60ae33f07fdca5b56f3f1dd662da0c99fea9aaeab2004780cc5f4
  languageName: node
  linkType: hard

"webidl-conversions@npm:^3.0.0":
  version: 3.0.1
  resolution: "webidl-conversions@npm:3.0.1"
  checksum: c92a0a6ab95314bde9c32e1d0a6dfac83b578f8fa5f21e675bc2706ed6981bc26b7eb7e6a1fab158e5ce4adf9caa4a0aee49a52505d4d13c7be545f15021b17c
  languageName: node
  linkType: hard

"whatwg-url@npm:^5.0.0":
  version: 5.0.0
  resolution: "whatwg-url@npm:5.0.0"
  dependencies:
    tr46: ~0.0.3
    webidl-conversions: ^3.0.0
  checksum: b8daed4ad3356cc4899048a15b2c143a9aed0dfae1f611ebd55073310c7b910f522ad75d727346ad64203d7e6c79ef25eafd465f4d12775ca44b90fa82ed9e2c
  languageName: node
  linkType: hard

"yocto-queue@npm:^0.1.0":
  version: 0.1.0
  resolution: "yocto-queue@npm:0.1.0"
  checksum: f77b3d8d00310def622123df93d4ee654fc6a0096182af8bd60679ddcdfb3474c56c6c7190817c84a2785648cdee9d721c0154eb45698c62176c322fb46fc700
  languageName: node
  linkType: hard
