# This file is generated by running "yarn install" inside your project.
# Manual changes might be lost - proceed with caution!

__metadata:
  version: 6

"backstage-plugin-catalog-backend-module-logs-dynamic@workspace:.":
  version: 0.0.0-use.local
  resolution: "backstage-plugin-catalog-backend-module-logs-dynamic@workspace:."
  peerDependencies:
    "@backstage/backend-plugin-api": ^1.0.0
    "@backstage/plugin-catalog-backend": ^1.26.1
    "@backstage/plugin-events-node": ^0.4.0
  languageName: unknown
  linkType: soft
