# This file is generated by running "yarn install" inside your project.
# Manual changes might be lost - proceed with caution!

__metadata:
  version: 6
  cacheKey: 8

"@apidevtools/json-schema-ref-parser@npm:^11.1.0":
  version: 11.7.2
  resolution: "@apidevtools/json-schema-ref-parser@npm:11.7.2"
  dependencies:
    "@jsdevtools/ono": ^7.1.3
    "@types/json-schema": ^7.0.15
    js-yaml: ^4.1.0
  checksum: 44096e5cd5a03b17ee5eb0a3b9e9a4db85d87da8ae2abda264eae615f2a43e3e6ba5ca208e1161d4d946755b121c10a9550e88792a725951f2c4cff6df0d8a19
  languageName: node
  linkType: hard

"@jsdevtools/ono@npm:^7.1.3":
  version: 7.1.3
  resolution: "@jsdevtools/ono@npm:7.1.3"
  checksum: 2297fcd472ba810bffe8519d2249171132844c7174f3a16634f9260761c8c78bc0428a4190b5b6d72d45673c13918ab9844d706c3ed4ef8f62ab11a2627a08ad
  languageName: node
  linkType: hard

"@octokit/auth-app@npm:^6.0.3":
  version: 6.1.3
  resolution: "@octokit/auth-app@npm:6.1.3"
  dependencies:
    "@octokit/auth-oauth-app": ^7.1.0
    "@octokit/auth-oauth-user": ^4.1.0
    "@octokit/request": ^8.3.1
    "@octokit/request-error": ^5.1.0
    "@octokit/types": ^13.1.0
    deprecation: ^2.3.1
    lru-cache: "npm:@wolfy1339/lru-cache@^11.0.2-patch.1"
    universal-github-app-jwt: ^1.1.2
    universal-user-agent: ^6.0.0
  checksum: 997a4abd2b85b3751d63034b38ecbf8b711ee212f99df32586812e8e99637fc29f50e051f51c1dec04e0f8de3f9cb8c722c65eb1890e02b6b3e3f6dc1323fa93
  languageName: node
  linkType: hard

"@octokit/auth-oauth-app@npm:^7.1.0":
  version: 7.1.0
  resolution: "@octokit/auth-oauth-app@npm:7.1.0"
  dependencies:
    "@octokit/auth-oauth-device": ^6.1.0
    "@octokit/auth-oauth-user": ^4.1.0
    "@octokit/request": ^8.3.1
    "@octokit/types": ^13.0.0
    "@types/btoa-lite": ^1.0.0
    btoa-lite: ^1.0.0
    universal-user-agent: ^6.0.0
  checksum: 021e13c138279e9edd7d6dcdc484a2658ae07b834ec3f5f41158e3870b3413deb09024408d1615731c960243ba710ca638a868dcd2583f7eb80fa6204b70657b
  languageName: node
  linkType: hard

"@octokit/auth-oauth-device@npm:^6.1.0":
  version: 6.1.0
  resolution: "@octokit/auth-oauth-device@npm:6.1.0"
  dependencies:
    "@octokit/oauth-methods": ^4.1.0
    "@octokit/request": ^8.3.1
    "@octokit/types": ^13.0.0
    universal-user-agent: ^6.0.0
  checksum: 2824f74ea5eca3d8da9793f463ebca725c8a13a241085015f96f037771ef3e5fa82d5842f538353c683b709d8d32ccd481bfc0ba8cbcde708916ea95a78dd0d2
  languageName: node
  linkType: hard

"@octokit/auth-oauth-user@npm:^4.1.0":
  version: 4.1.0
  resolution: "@octokit/auth-oauth-user@npm:4.1.0"
  dependencies:
    "@octokit/auth-oauth-device": ^6.1.0
    "@octokit/oauth-methods": ^4.1.0
    "@octokit/request": ^8.3.1
    "@octokit/types": ^13.0.0
    btoa-lite: ^1.0.0
    universal-user-agent: ^6.0.0
  checksum: 581197a427c1ef153350e46de7315c9da1a98904b67e5e13aed88d36e334d95d869f8f12a35ed70d7232c6afd6d3912200988e41959e30c83f880d072ee8b8ba
  languageName: node
  linkType: hard

"@octokit/auth-token@npm:^4.0.0":
  version: 4.0.0
  resolution: "@octokit/auth-token@npm:4.0.0"
  checksum: d78f4dc48b214d374aeb39caec4fdbf5c1e4fd8b9fcb18f630b1fe2cbd5a880fca05445f32b4561f41262cb551746aeb0b49e89c95c6dd99299706684d0cae2f
  languageName: node
  linkType: hard

"@octokit/core@npm:^5.0.2":
  version: 5.2.0
  resolution: "@octokit/core@npm:5.2.0"
  dependencies:
    "@octokit/auth-token": ^4.0.0
    "@octokit/graphql": ^7.1.0
    "@octokit/request": ^8.3.1
    "@octokit/request-error": ^5.1.0
    "@octokit/types": ^13.0.0
    before-after-hook: ^2.2.0
    universal-user-agent: ^6.0.0
  checksum: 57d5f02b759b569323dcb76cc72bf94ea7d0de58638c118ee14ec3e37d303c505893137dd72918328794844f35c74b3cd16999319c4b40d410a310d44a9b7566
  languageName: node
  linkType: hard

"@octokit/endpoint@npm:^9.0.1":
  version: 9.0.5
  resolution: "@octokit/endpoint@npm:9.0.5"
  dependencies:
    "@octokit/types": ^13.1.0
    universal-user-agent: ^6.0.0
  checksum: d5cc2df9bd4603844c163eea05eec89c677cfe699c6f065fe86b83123e34554ec16d429e8142dec1e2b4cf56591ef0ce5b1763f250c87bc8e7bf6c74ba59ae82
  languageName: node
  linkType: hard

"@octokit/graphql@npm:^7.1.0":
  version: 7.1.0
  resolution: "@octokit/graphql@npm:7.1.0"
  dependencies:
    "@octokit/request": ^8.3.0
    "@octokit/types": ^13.0.0
    universal-user-agent: ^6.0.0
  checksum: 7b2706796e0269fc033ed149ea211117bcacf53115fd142c1eeafc06ebc5b6290e4e48c03d6276c210d72e3695e8598f83caac556cd00714fc1f8e4707d77448
  languageName: node
  linkType: hard

"@octokit/oauth-authorization-url@npm:^6.0.2":
  version: 6.0.2
  resolution: "@octokit/oauth-authorization-url@npm:6.0.2"
  checksum: 0f11169a3eeb782cc08312c923de1a702b25ae033b972ba40380b6d72cb3f684543c8b6a5cf6f05936fdc6b8892070d4f7581138d8efc1b4c4a55ae6d7762327
  languageName: node
  linkType: hard

"@octokit/oauth-methods@npm:^4.1.0":
  version: 4.1.0
  resolution: "@octokit/oauth-methods@npm:4.1.0"
  dependencies:
    "@octokit/oauth-authorization-url": ^6.0.2
    "@octokit/request": ^8.3.1
    "@octokit/request-error": ^5.1.0
    "@octokit/types": ^13.0.0
    btoa-lite: ^1.0.0
  checksum: 2ca42f054a3b92f6f3fa9a984df7d75cc8c1f19aba5f6fc9636499dde3a8031e33148cbc936cace103b1eb7fe79d978aee7077aa6f69e0dd996ee345a10f2aa4
  languageName: node
  linkType: hard

"@octokit/openapi-types@npm:^22.2.0":
  version: 22.2.0
  resolution: "@octokit/openapi-types@npm:22.2.0"
  checksum: eca41feac2b83298e0d95e253ac1c5b6d65155ac57f65c5fd8d4a485d9728922d85ff4bee0e815a1f3a5421311db092bdb6da9d6104a1b1843d8b274bcad9630
  languageName: node
  linkType: hard

"@octokit/plugin-paginate-rest@npm:11.3.1":
  version: 11.3.1
  resolution: "@octokit/plugin-paginate-rest@npm:11.3.1"
  dependencies:
    "@octokit/types": ^13.5.0
  peerDependencies:
    "@octokit/core": 5
  checksum: 42c7c08e7287b4b85d2ae47852d2ffeb238c134ad6bcff18bddc154b15f6bec31778816c0763181401c370198390db7f6b0c3c44750fdfeec459594f7f4b5933
  languageName: node
  linkType: hard

"@octokit/plugin-request-log@npm:^4.0.0":
  version: 4.0.1
  resolution: "@octokit/plugin-request-log@npm:4.0.1"
  peerDependencies:
    "@octokit/core": 5
  checksum: fd8c0a201490cba00084689a0d1d54fc7b5ab5b6bdb7e447056b947b1754f78526e9685400eab10d3522bfa7b5bc49c555f41ec412c788610b96500b168f3789
  languageName: node
  linkType: hard

"@octokit/plugin-rest-endpoint-methods@npm:13.2.2":
  version: 13.2.2
  resolution: "@octokit/plugin-rest-endpoint-methods@npm:13.2.2"
  dependencies:
    "@octokit/types": ^13.5.0
  peerDependencies:
    "@octokit/core": ^5
  checksum: 347b3a891a561ed1dcc307a2dce42ca48c318c465ad91a26225d3d6493aef1b7ff868e6c56a0d7aa4170d028c7429ca1ec52aed6be34615a6ed701c3bcafdb17
  languageName: node
  linkType: hard

"@octokit/request-error@npm:^5.1.0":
  version: 5.1.0
  resolution: "@octokit/request-error@npm:5.1.0"
  dependencies:
    "@octokit/types": ^13.1.0
    deprecation: ^2.0.0
    once: ^1.4.0
  checksum: 2cdbb8e44072323b5e1c8c385727af6700e3e492d55bc1e8d0549c4a3d9026914f915866323d371b1f1772326d6e902341c872679cc05c417ffc15cadf5f4a4e
  languageName: node
  linkType: hard

"@octokit/request@npm:^8.3.0, @octokit/request@npm:^8.3.1":
  version: 8.4.0
  resolution: "@octokit/request@npm:8.4.0"
  dependencies:
    "@octokit/endpoint": ^9.0.1
    "@octokit/request-error": ^5.1.0
    "@octokit/types": ^13.1.0
    universal-user-agent: ^6.0.0
  checksum: 3d937e817a85c0adf447ab46b428ccd702c31b2091e47adec90583ec2242bd64666306fe8188628fb139aa4752e19400eb7652b0f5ca33cd9e77bbb2c60b202a
  languageName: node
  linkType: hard

"@octokit/rest@npm:^20.0.2":
  version: 20.1.1
  resolution: "@octokit/rest@npm:20.1.1"
  dependencies:
    "@octokit/core": ^5.0.2
    "@octokit/plugin-paginate-rest": 11.3.1
    "@octokit/plugin-request-log": ^4.0.0
    "@octokit/plugin-rest-endpoint-methods": 13.2.2
  checksum: c15a801c62a2e2104a4b443b3b43f73366d1220b43995d4ffe1358c4162021708e6625a64ea56bf7d85b870924b862b0d680e191160ceca11e6531b8b92299ca
  languageName: node
  linkType: hard

"@octokit/types@npm:^13.0.0, @octokit/types@npm:^13.1.0, @octokit/types@npm:^13.5.0":
  version: 13.6.1
  resolution: "@octokit/types@npm:13.6.1"
  dependencies:
    "@octokit/openapi-types": ^22.2.0
  checksum: 05bb427bc3c84088e2367b8d1b7a9834732116bb3d35ef51d1aae34b3919027159dd496b9362dab1cb047918da15be1dc1cafc512c97f9b77458bd273b5a2ba9
  languageName: node
  linkType: hard

"@types/btoa-lite@npm:^1.0.0":
  version: 1.0.2
  resolution: "@types/btoa-lite@npm:1.0.2"
  checksum: 4c46b163c881a75522c7556dd7a7df8a0d4c680a45e8bac34e50864e1c2d9df8dc90b99f75199154c60ef2faff90896b7e5f11df6936c94167a3e5e1c6f4d935
  languageName: node
  linkType: hard

"@types/json-schema@npm:^7.0.15":
  version: 7.0.15
  resolution: "@types/json-schema@npm:7.0.15"
  checksum: 97ed0cb44d4070aecea772b7b2e2ed971e10c81ec87dd4ecc160322ffa55ff330dace1793489540e3e318d90942064bb697cc0f8989391797792d919737b3b98
  languageName: node
  linkType: hard

"@types/jsonwebtoken@npm:^9.0.0":
  version: 9.0.7
  resolution: "@types/jsonwebtoken@npm:9.0.7"
  dependencies:
    "@types/node": "*"
  checksum: 872b62e2a50ec399d695402ccddfeb5cd66a6c3d28511f27453b932b6b67eb82c2d0ecaa864939848b88b3a8276c2492647bf5707bc82a6ac7e420d3412b9047
  languageName: node
  linkType: hard

"@types/node@npm:*":
  version: 22.9.1
  resolution: "@types/node@npm:22.9.1"
  dependencies:
    undici-types: ~6.19.8
  checksum: dee25051e8d89f38b2b26c0714ce60acd1e3f9b1b946131ce3c6e64d626a134f1bec2d948f7ead3da0136aeb7672234f066f97f8290e6aead236e43f4ecb5a68
  languageName: node
  linkType: hard

"accepts@npm:~1.3.8":
  version: 1.3.8
  resolution: "accepts@npm:1.3.8"
  dependencies:
    mime-types: ~2.1.34
    negotiator: 0.6.3
  checksum: 50c43d32e7b50285ebe84b613ee4a3aa426715a7d131b65b786e2ead0fd76b6b60091b9916d3478a75f11f162628a2139991b6c03ab3f1d9ab7c86075dc8eab4
  languageName: node
  linkType: hard

"ajv-formats@npm:^2.0.2":
  version: 2.1.1
  resolution: "ajv-formats@npm:2.1.1"
  dependencies:
    ajv: ^8.0.0
  peerDependencies:
    ajv: ^8.0.0
  peerDependenciesMeta:
    ajv:
      optional: true
  checksum: 4a287d937f1ebaad4683249a4c40c0fa3beed30d9ddc0adba04859026a622da0d317851316ea64b3680dc60f5c3c708105ddd5d5db8fe595d9d0207fd19f90b7
  languageName: node
  linkType: hard

"ajv-formats@npm:^3.0.1":
  version: 3.0.1
  resolution: "ajv-formats@npm:3.0.1"
  dependencies:
    ajv: ^8.0.0
  peerDependencies:
    ajv: ^8.0.0
  peerDependenciesMeta:
    ajv:
      optional: true
  checksum: f4e1fe232d67fcafc02eafe373a7a9962351e0439dd0736647ca75c93c3da23b430b6502c255ab4315410ae330d4f3013ac9fe226c40b2524ca93a58e786d086
  languageName: node
  linkType: hard

"ajv@npm:^8.0.0, ajv@npm:^8.1.0, ajv@npm:^8.6.2":
  version: 8.17.1
  resolution: "ajv@npm:8.17.1"
  dependencies:
    fast-deep-equal: ^3.1.3
    fast-uri: ^3.0.1
    json-schema-traverse: ^1.0.0
    require-from-string: ^2.0.2
  checksum: 1797bf242cfffbaf3b870d13565bd1716b73f214bb7ada9a497063aada210200da36e3ed40237285f3255acc4feeae91b1fb183625331bad27da95973f7253d9
  languageName: node
  linkType: hard

"argparse@npm:^2.0.1":
  version: 2.0.1
  resolution: "argparse@npm:2.0.1"
  checksum: 83644b56493e89a254bae05702abf3a1101b4fa4d0ca31df1c9985275a5a5bd47b3c27b7fa0b71098d41114d8ca000e6ed90cad764b306f8a503665e4d517ced
  languageName: node
  linkType: hard

"array-flatten@npm:1.1.1":
  version: 1.1.1
  resolution: "array-flatten@npm:1.1.1"
  checksum: a9925bf3512d9dce202112965de90c222cd59a4fbfce68a0951d25d965cf44642931f40aac72309c41f12df19afa010ecadceb07cfff9ccc1621e99d89ab5f3b
  languageName: node
  linkType: hard

"bath-es5@npm:^3.0.3":
  version: 3.0.3
  resolution: "bath-es5@npm:3.0.3"
  checksum: 094e917ac086b13307fd290ee53c3b2c87cc55a73fd086b6a364488bb63e704e182a82b6f08280feedb1b196f7fe505fb86367a9bc5110c910096e0591490ca3
  languageName: node
  linkType: hard

"before-after-hook@npm:^2.2.0":
  version: 2.2.3
  resolution: "before-after-hook@npm:2.2.3"
  checksum: a1a2430976d9bdab4cd89cb50d27fa86b19e2b41812bf1315923b0cba03371ebca99449809226425dd3bcef20e010db61abdaff549278e111d6480034bebae87
  languageName: node
  linkType: hard

"body-parser@npm:1.20.3":
  version: 1.20.3
  resolution: "body-parser@npm:1.20.3"
  dependencies:
    bytes: 3.1.2
    content-type: ~1.0.5
    debug: 2.6.9
    depd: 2.0.0
    destroy: 1.2.0
    http-errors: 2.0.0
    iconv-lite: 0.4.24
    on-finished: 2.4.1
    qs: 6.13.0
    raw-body: 2.5.2
    type-is: ~1.6.18
    unpipe: 1.0.0
  checksum: 1a35c59a6be8d852b00946330141c4f142c6af0f970faa87f10ad74f1ee7118078056706a05ae3093c54dabca9cd3770fa62a170a85801da1a4324f04381167d
  languageName: node
  linkType: hard

"btoa-lite@npm:^1.0.0":
  version: 1.0.0
  resolution: "btoa-lite@npm:1.0.0"
  checksum: c2d61993b801f8e35a96f20692a45459c753d9baa29d86d1343e714f8d6bbe7069f1a20a5ae868488f3fb137d5bd0c560f6fbbc90b5a71050919d2d2c97c0475
  languageName: node
  linkType: hard

"buffer-equal-constant-time@npm:1.0.1":
  version: 1.0.1
  resolution: "buffer-equal-constant-time@npm:1.0.1"
  checksum: 80bb945f5d782a56f374b292770901065bad21420e34936ecbe949e57724b4a13874f735850dd1cc61f078773c4fb5493a41391e7bda40d1fa388d6bd80daaab
  languageName: node
  linkType: hard

"bytes@npm:3.1.2":
  version: 3.1.2
  resolution: "bytes@npm:3.1.2"
  checksum: e4bcd3948d289c5127591fbedf10c0b639ccbf00243504e4e127374a15c3bc8eed0d28d4aaab08ff6f1cf2abc0cce6ba3085ed32f4f90e82a5683ce0014e1b6e
  languageName: node
  linkType: hard

"call-bind@npm:^1.0.7":
  version: 1.0.7
  resolution: "call-bind@npm:1.0.7"
  dependencies:
    es-define-property: ^1.0.0
    es-errors: ^1.3.0
    function-bind: ^1.1.2
    get-intrinsic: ^1.2.4
    set-function-length: ^1.2.1
  checksum: 295c0c62b90dd6522e6db3b0ab1ce26bdf9e7404215bda13cfee25b626b5ff1a7761324d58d38b1ef1607fc65aca2d06e44d2e18d0dfc6c14b465b00d8660029
  languageName: node
  linkType: hard

"content-disposition@npm:0.5.4":
  version: 0.5.4
  resolution: "content-disposition@npm:0.5.4"
  dependencies:
    safe-buffer: 5.2.1
  checksum: afb9d545e296a5171d7574fcad634b2fdf698875f4006a9dd04a3e1333880c5c0c98d47b560d01216fb6505a54a2ba6a843ee3a02ec86d7e911e8315255f56c3
  languageName: node
  linkType: hard

"content-type@npm:~1.0.4, content-type@npm:~1.0.5":
  version: 1.0.5
  resolution: "content-type@npm:1.0.5"
  checksum: 566271e0a251642254cde0f845f9dd4f9856e52d988f4eb0d0dcffbb7a1f8ec98de7a5215fc628f3bce30fe2fb6fd2bc064b562d721658c59b544e2d34ea2766
  languageName: node
  linkType: hard

"cookie-signature@npm:1.0.6":
  version: 1.0.6
  resolution: "cookie-signature@npm:1.0.6"
  checksum: f4e1b0a98a27a0e6e66fd7ea4e4e9d8e038f624058371bf4499cfcd8f3980be9a121486995202ba3fca74fbed93a407d6d54d43a43f96fd28d0bd7a06761591a
  languageName: node
  linkType: hard

"cookie@npm:0.7.1":
  version: 0.7.1
  resolution: "cookie@npm:0.7.1"
  checksum: cec5e425549b3650eb5c3498a9ba3cde0b9cd419e3b36e4b92739d30b4d89e0b678b98c1ddc209ce7cf958cd3215671fd6ac47aec21f10c2a0cc68abd399d8a7
  languageName: node
  linkType: hard

"cookie@npm:^1.0.1":
  version: 1.0.1
  resolution: "cookie@npm:1.0.1"
  checksum: e2ff4879d816ea27dab69651c06d328b1f4214ccefa1023b6ebf85787bc23b3cad777ed51b4e54c01d161c374a05fc86e45e51ee3d9fafb48a836439c56b2458
  languageName: node
  linkType: hard

"debug@npm:2.6.9":
  version: 2.6.9
  resolution: "debug@npm:2.6.9"
  dependencies:
    ms: 2.0.0
  checksum: d2f51589ca66df60bf36e1fa6e4386b318c3f1e06772280eea5b1ae9fd3d05e9c2b7fd8a7d862457d00853c75b00451aa2d7459b924629ee385287a650f58fe6
  languageName: node
  linkType: hard

"define-data-property@npm:^1.1.4":
  version: 1.1.4
  resolution: "define-data-property@npm:1.1.4"
  dependencies:
    es-define-property: ^1.0.0
    es-errors: ^1.3.0
    gopd: ^1.0.1
  checksum: 8068ee6cab694d409ac25936eb861eea704b7763f7f342adbdfe337fc27c78d7ae0eff2364b2917b58c508d723c7a074326d068eef2e45c4edcd85cf94d0313b
  languageName: node
  linkType: hard

"depd@npm:2.0.0":
  version: 2.0.0
  resolution: "depd@npm:2.0.0"
  checksum: abbe19c768c97ee2eed6282d8ce3031126662252c58d711f646921c9623f9052e3e1906443066beec1095832f534e57c523b7333f8e7e0d93051ab6baef5ab3a
  languageName: node
  linkType: hard

"deprecation@npm:^2.0.0, deprecation@npm:^2.3.1":
  version: 2.3.1
  resolution: "deprecation@npm:2.3.1"
  checksum: f56a05e182c2c195071385455956b0c4106fe14e36245b00c689ceef8e8ab639235176a96977ba7c74afb173317fac2e0ec6ec7a1c6d1e6eaa401c586c714132
  languageName: node
  linkType: hard

"dereference-json-schema@npm:^0.2.1":
  version: 0.2.1
  resolution: "dereference-json-schema@npm:0.2.1"
  checksum: bf3d2dc1543a23df825b8562b6be8b598a700b88525e1dc0a596bb9c813c8352f66e008d53e198e4714832710659cf9aeb72e774b7d6e010354e9d98e8f6ab31
  languageName: node
  linkType: hard

"destroy@npm:1.2.0":
  version: 1.2.0
  resolution: "destroy@npm:1.2.0"
  checksum: 0acb300b7478a08b92d810ab229d5afe0d2f4399272045ab22affa0d99dbaf12637659411530a6fcd597a9bdac718fc94373a61a95b4651bbc7b83684a565e38
  languageName: node
  linkType: hard

"ecdsa-sig-formatter@npm:1.0.11":
  version: 1.0.11
  resolution: "ecdsa-sig-formatter@npm:1.0.11"
  dependencies:
    safe-buffer: ^5.0.1
  checksum: 207f9ab1c2669b8e65540bce29506134613dd5f122cccf1e6a560f4d63f2732d427d938f8481df175505aad94583bcb32c688737bb39a6df0625f903d6d93c03
  languageName: node
  linkType: hard

"ee-first@npm:1.1.1":
  version: 1.1.1
  resolution: "ee-first@npm:1.1.1"
  checksum: 1b4cac778d64ce3b582a7e26b218afe07e207a0f9bfe13cc7395a6d307849cfe361e65033c3251e00c27dd060cab43014c2d6b2647676135e18b77d2d05b3f4f
  languageName: node
  linkType: hard

"encodeurl@npm:~1.0.2":
  version: 1.0.2
  resolution: "encodeurl@npm:1.0.2"
  checksum: e50e3d508cdd9c4565ba72d2012e65038e5d71bdc9198cb125beb6237b5b1ade6c0d343998da9e170fb2eae52c1bed37d4d6d98a46ea423a0cddbed5ac3f780c
  languageName: node
  linkType: hard

"encodeurl@npm:~2.0.0":
  version: 2.0.0
  resolution: "encodeurl@npm:2.0.0"
  checksum: abf5cd51b78082cf8af7be6785813c33b6df2068ce5191a40ca8b1afe6a86f9230af9a9ce694a5ce4665955e5c1120871826df9c128a642e09c58d592e2807fe
  languageName: node
  linkType: hard

"es-define-property@npm:^1.0.0":
  version: 1.0.0
  resolution: "es-define-property@npm:1.0.0"
  dependencies:
    get-intrinsic: ^1.2.4
  checksum: f66ece0a887b6dca71848fa71f70461357c0e4e7249696f81bad0a1f347eed7b31262af4a29f5d726dc026426f085483b6b90301855e647aa8e21936f07293c6
  languageName: node
  linkType: hard

"es-errors@npm:^1.3.0":
  version: 1.3.0
  resolution: "es-errors@npm:1.3.0"
  checksum: ec1414527a0ccacd7f15f4a3bc66e215f04f595ba23ca75cdae0927af099b5ec865f9f4d33e9d7e86f512f252876ac77d4281a7871531a50678132429b1271b5
  languageName: node
  linkType: hard

"escape-html@npm:~1.0.3":
  version: 1.0.3
  resolution: "escape-html@npm:1.0.3"
  checksum: 6213ca9ae00d0ab8bccb6d8d4e0a98e76237b2410302cf7df70aaa6591d509a2a37ce8998008cbecae8fc8ffaadf3fb0229535e6a145f3ce0b211d060decbb24
  languageName: node
  linkType: hard

"etag@npm:~1.8.1":
  version: 1.8.1
  resolution: "etag@npm:1.8.1"
  checksum: 571aeb3dbe0f2bbd4e4fadbdb44f325fc75335cd5f6f6b6a091e6a06a9f25ed5392f0863c5442acb0646787446e816f13cbfc6edce5b07658541dff573cab1ff
  languageName: node
  linkType: hard

"express@npm:^4.17.1":
  version: 4.21.1
  resolution: "express@npm:4.21.1"
  dependencies:
    accepts: ~1.3.8
    array-flatten: 1.1.1
    body-parser: 1.20.3
    content-disposition: 0.5.4
    content-type: ~1.0.4
    cookie: 0.7.1
    cookie-signature: 1.0.6
    debug: 2.6.9
    depd: 2.0.0
    encodeurl: ~2.0.0
    escape-html: ~1.0.3
    etag: ~1.8.1
    finalhandler: 1.3.1
    fresh: 0.5.2
    http-errors: 2.0.0
    merge-descriptors: 1.0.3
    methods: ~1.1.2
    on-finished: 2.4.1
    parseurl: ~1.3.3
    path-to-regexp: 0.1.10
    proxy-addr: ~2.0.7
    qs: 6.13.0
    range-parser: ~1.2.1
    safe-buffer: 5.2.1
    send: 0.19.0
    serve-static: 1.16.2
    setprototypeof: 1.2.0
    statuses: 2.0.1
    type-is: ~1.6.18
    utils-merge: 1.0.1
    vary: ~1.1.2
  checksum: 5ac2b26d8aeddda5564fc0907227d29c100f90c0ead2ead9d474dc5108e8fb306c2de2083c4e3ba326e0906466f2b73417dbac16961f4075ff9f03785fd940fe
  languageName: node
  linkType: hard

"fast-deep-equal@npm:^3.1.3":
  version: 3.1.3
  resolution: "fast-deep-equal@npm:3.1.3"
  checksum: e21a9d8d84f53493b6aa15efc9cfd53dd5b714a1f23f67fb5dc8f574af80df889b3bce25dc081887c6d25457cce704e636395333abad896ccdec03abaf1f3f9d
  languageName: node
  linkType: hard

"fast-uri@npm:^3.0.1":
  version: 3.0.3
  resolution: "fast-uri@npm:3.0.3"
  checksum: c52e6c86465f5c240e84a4485fb001088cc743d261a4b54b0050ce4758b1648bdbe53da1328ef9620149dca1435e3de64184f226d7c0a3656cb5837b3491e149
  languageName: node
  linkType: hard

"finalhandler@npm:1.3.1":
  version: 1.3.1
  resolution: "finalhandler@npm:1.3.1"
  dependencies:
    debug: 2.6.9
    encodeurl: ~2.0.0
    escape-html: ~1.0.3
    on-finished: 2.4.1
    parseurl: ~1.3.3
    statuses: 2.0.1
    unpipe: ~1.0.0
  checksum: a8c58cd97c9cd47679a870f6833a7b417043f5a288cd6af6d0f49b476c874a506100303a128b6d3b654c3d74fa4ff2ffed68a48a27e8630cda5c918f2977dcf4
  languageName: node
  linkType: hard

"forwarded@npm:0.2.0":
  version: 0.2.0
  resolution: "forwarded@npm:0.2.0"
  checksum: fd27e2394d8887ebd16a66ffc889dc983fbbd797d5d3f01087c020283c0f019a7d05ee85669383d8e0d216b116d720fc0cef2f6e9b7eb9f4c90c6e0bc7fd28e6
  languageName: node
  linkType: hard

"fresh@npm:0.5.2":
  version: 0.5.2
  resolution: "fresh@npm:0.5.2"
  checksum: 13ea8b08f91e669a64e3ba3a20eb79d7ca5379a81f1ff7f4310d54e2320645503cc0c78daedc93dfb6191287295f6479544a649c64d8e41a1c0fb0c221552346
  languageName: node
  linkType: hard

"function-bind@npm:^1.1.2":
  version: 1.1.2
  resolution: "function-bind@npm:1.1.2"
  checksum: 2b0ff4ce708d99715ad14a6d1f894e2a83242e4a52ccfcefaee5e40050562e5f6dafc1adbb4ce2d4ab47279a45dc736ab91ea5042d843c3c092820dfe032efb1
  languageName: node
  linkType: hard

"get-intrinsic@npm:^1.1.3, get-intrinsic@npm:^1.2.4":
  version: 1.2.4
  resolution: "get-intrinsic@npm:1.2.4"
  dependencies:
    es-errors: ^1.3.0
    function-bind: ^1.1.2
    has-proto: ^1.0.1
    has-symbols: ^1.0.3
    hasown: ^2.0.0
  checksum: 414e3cdf2c203d1b9d7d33111df746a4512a1aa622770b361dadddf8ed0b5aeb26c560f49ca077e24bfafb0acb55ca908d1f709216ccba33ffc548ec8a79a951
  languageName: node
  linkType: hard

"git-up@npm:^7.0.0":
  version: 7.0.0
  resolution: "git-up@npm:7.0.0"
  dependencies:
    is-ssh: ^1.4.0
    parse-url: ^8.1.0
  checksum: 2faadbab51e94d2ffb220e426e950087cc02c15d664e673bd5d1f734cfa8196fed8b19493f7bf28fe216d087d10e22a7fd9b63687e0ba7d24f0ddcfb0a266d6e
  languageName: node
  linkType: hard

"git-url-parse@npm:^14.0.0":
  version: 14.1.0
  resolution: "git-url-parse@npm:14.1.0"
  dependencies:
    git-up: ^7.0.0
  checksum: 16bbf5ca423352ab1b0d704dc40b46123e0bfcc0ae2959ef6a93d43c509146151cd6a1d99690f3555324d2261b36443b7978abc379dc1a7bf8f564e52d676dee
  languageName: node
  linkType: hard

"gopd@npm:^1.0.1":
  version: 1.0.1
  resolution: "gopd@npm:1.0.1"
  dependencies:
    get-intrinsic: ^1.1.3
  checksum: a5ccfb8806e0917a94e0b3de2af2ea4979c1da920bc381667c260e00e7cafdbe844e2cb9c5bcfef4e5412e8bf73bab837285bc35c7ba73aaaf0134d4583393a6
  languageName: node
  linkType: hard

"has-property-descriptors@npm:^1.0.2":
  version: 1.0.2
  resolution: "has-property-descriptors@npm:1.0.2"
  dependencies:
    es-define-property: ^1.0.0
  checksum: fcbb246ea2838058be39887935231c6d5788babed499d0e9d0cc5737494c48aba4fe17ba1449e0d0fbbb1e36175442faa37f9c427ae357d6ccb1d895fbcd3de3
  languageName: node
  linkType: hard

"has-proto@npm:^1.0.1":
  version: 1.0.3
  resolution: "has-proto@npm:1.0.3"
  checksum: fe7c3d50b33f50f3933a04413ed1f69441d21d2d2944f81036276d30635cad9279f6b43bc8f32036c31ebdfcf6e731150f46c1907ad90c669ffe9b066c3ba5c4
  languageName: node
  linkType: hard

"has-symbols@npm:^1.0.3":
  version: 1.0.3
  resolution: "has-symbols@npm:1.0.3"
  checksum: a054c40c631c0d5741a8285010a0777ea0c068f99ed43e5d6eb12972da223f8af553a455132fdb0801bdcfa0e0f443c0c03a68d8555aa529b3144b446c3f2410
  languageName: node
  linkType: hard

"hasown@npm:^2.0.0":
  version: 2.0.2
  resolution: "hasown@npm:2.0.2"
  dependencies:
    function-bind: ^1.1.2
  checksum: e8516f776a15149ca6c6ed2ae3110c417a00b62260e222590e54aa367cbcd6ed99122020b37b7fbdf05748df57b265e70095d7bf35a47660587619b15ffb93db
  languageName: node
  linkType: hard

"http-errors@npm:2.0.0":
  version: 2.0.0
  resolution: "http-errors@npm:2.0.0"
  dependencies:
    depd: 2.0.0
    inherits: 2.0.4
    setprototypeof: 1.2.0
    statuses: 2.0.1
    toidentifier: 1.0.1
  checksum: 9b0a3782665c52ce9dc658a0d1560bcb0214ba5699e4ea15aefb2a496e2ca83db03ebc42e1cce4ac1f413e4e0d2d736a3fd755772c556a9a06853ba2a0b7d920
  languageName: node
  linkType: hard

"iconv-lite@npm:0.4.24":
  version: 0.4.24
  resolution: "iconv-lite@npm:0.4.24"
  dependencies:
    safer-buffer: ">= 2.1.2 < 3"
  checksum: bd9f120f5a5b306f0bc0b9ae1edeb1577161503f5f8252a20f1a9e56ef8775c9959fd01c55f2d3a39d9a8abaf3e30c1abeb1895f367dcbbe0a8fd1c9ca01c4f6
  languageName: node
  linkType: hard

"inherits@npm:2.0.4":
  version: 2.0.4
  resolution: "inherits@npm:2.0.4"
  checksum: 4a48a733847879d6cf6691860a6b1e3f0f4754176e4d71494c41f3475553768b10f84b5ce1d40fbd0e34e6bfbb864ee35858ad4dd2cf31e02fc4a154b724d7f1
  languageName: node
  linkType: hard

"ipaddr.js@npm:1.9.1":
  version: 1.9.1
  resolution: "ipaddr.js@npm:1.9.1"
  checksum: f88d3825981486f5a1942414c8d77dd6674dd71c065adcfa46f578d677edcb99fda25af42675cb59db492fdf427b34a5abfcde3982da11a8fd83a500b41cfe77
  languageName: node
  linkType: hard

"is-ssh@npm:^1.4.0":
  version: 1.4.0
  resolution: "is-ssh@npm:1.4.0"
  dependencies:
    protocols: ^2.0.1
  checksum: 75eaa17b538bee24b661fbeb0f140226ac77e904a6039f787bea418431e2162f1f9c4c4ccad3bd169e036cd701cc631406e8c505d9fa7e20164e74b47f86f40f
  languageName: node
  linkType: hard

"js-yaml@npm:^4.1.0":
  version: 4.1.0
  resolution: "js-yaml@npm:4.1.0"
  dependencies:
    argparse: ^2.0.1
  bin:
    js-yaml: bin/js-yaml.js
  checksum: c7830dfd456c3ef2c6e355cc5a92e6700ceafa1d14bba54497b34a99f0376cecbb3e9ac14d3e5849b426d5a5140709a66237a8c991c675431271c4ce5504151a
  languageName: node
  linkType: hard

"json-schema-traverse@npm:^1.0.0":
  version: 1.0.0
  resolution: "json-schema-traverse@npm:1.0.0"
  checksum: 02f2f466cdb0362558b2f1fd5e15cce82ef55d60cd7f8fa828cf35ba74330f8d767fcae5c5c2adb7851fa811766c694b9405810879bc4e1ddd78a7c0e03658ad
  languageName: node
  linkType: hard

"jsonwebtoken@npm:^9.0.2":
  version: 9.0.2
  resolution: "jsonwebtoken@npm:9.0.2"
  dependencies:
    jws: ^3.2.2
    lodash.includes: ^4.3.0
    lodash.isboolean: ^3.0.3
    lodash.isinteger: ^4.0.4
    lodash.isnumber: ^3.0.3
    lodash.isplainobject: ^4.0.6
    lodash.isstring: ^4.0.1
    lodash.once: ^4.0.0
    ms: ^2.1.1
    semver: ^7.5.4
  checksum: fc739a6a8b33f1974f9772dca7f8493ca8df4cc31c5a09dcfdb7cff77447dcf22f4236fb2774ef3fe50df0abeb8e1c6f4c41eba82f500a804ab101e2fbc9d61a
  languageName: node
  linkType: hard

"jwa@npm:^1.4.1":
  version: 1.4.1
  resolution: "jwa@npm:1.4.1"
  dependencies:
    buffer-equal-constant-time: 1.0.1
    ecdsa-sig-formatter: 1.0.11
    safe-buffer: ^5.0.1
  checksum: ff30ea7c2dcc61f3ed2098d868bf89d43701605090c5b21b5544b512843ec6fd9e028381a4dda466cbcdb885c2d1150f7c62e7168394ee07941b4098e1035e2f
  languageName: node
  linkType: hard

"jws@npm:^3.2.2":
  version: 3.2.2
  resolution: "jws@npm:3.2.2"
  dependencies:
    jwa: ^1.4.1
    safe-buffer: ^5.0.1
  checksum: f0213fe5b79344c56cd443428d8f65c16bf842dc8cb8f5aed693e1e91d79c20741663ad6eff07a6d2c433d1831acc9814e8d7bada6a0471fbb91d09ceb2bf5c2
  languageName: node
  linkType: hard

"lodash.includes@npm:^4.3.0":
  version: 4.3.0
  resolution: "lodash.includes@npm:4.3.0"
  checksum: 71092c130515a67ab3bd928f57f6018434797c94def7f46aafa417771e455ce3a4834889f4267b17887d7f75297dfabd96231bf704fd2b8c5096dc4a913568b6
  languageName: node
  linkType: hard

"lodash.isboolean@npm:^3.0.3":
  version: 3.0.3
  resolution: "lodash.isboolean@npm:3.0.3"
  checksum: b70068b4a8b8837912b54052557b21fc4774174e3512ed3c5b94621e5aff5eb6c68089d0a386b7e801d679cd105d2e35417978a5e99071750aa2ed90bffd0250
  languageName: node
  linkType: hard

"lodash.isinteger@npm:^4.0.4":
  version: 4.0.4
  resolution: "lodash.isinteger@npm:4.0.4"
  checksum: 6034821b3fc61a2ffc34e7d5644bb50c5fd8f1c0121c554c21ac271911ee0c0502274852845005f8651d51e199ee2e0cfebfe40aaa49c7fe617f603a8a0b1691
  languageName: node
  linkType: hard

"lodash.isnumber@npm:^3.0.3":
  version: 3.0.3
  resolution: "lodash.isnumber@npm:3.0.3"
  checksum: 913784275b565346255e6ae6a6e30b760a0da70abc29f3e1f409081585875105138cda4a429ff02577e1bc0a7ae2a90e0a3079a37f3a04c3d6c5aaa532f4cab2
  languageName: node
  linkType: hard

"lodash.isplainobject@npm:^4.0.6":
  version: 4.0.6
  resolution: "lodash.isplainobject@npm:4.0.6"
  checksum: 29c6351f281e0d9a1d58f1a4c8f4400924b4c79f18dfc4613624d7d54784df07efaff97c1ff2659f3e085ecf4fff493300adc4837553104cef2634110b0d5337
  languageName: node
  linkType: hard

"lodash.isstring@npm:^4.0.1":
  version: 4.0.1
  resolution: "lodash.isstring@npm:4.0.1"
  checksum: eaac87ae9636848af08021083d796e2eea3d02e80082ab8a9955309569cb3a463ce97fd281d7dc119e402b2e7d8c54a23914b15d2fc7fff56461511dc8937ba0
  languageName: node
  linkType: hard

"lodash.merge@npm:^4.6.1":
  version: 4.6.2
  resolution: "lodash.merge@npm:4.6.2"
  checksum: ad580b4bdbb7ca1f7abf7e1bce63a9a0b98e370cf40194b03380a46b4ed799c9573029599caebc1b14e3f24b111aef72b96674a56cfa105e0f5ac70546cdc005
  languageName: node
  linkType: hard

"lodash.once@npm:^4.0.0":
  version: 4.1.1
  resolution: "lodash.once@npm:4.1.1"
  checksum: d768fa9f9b4e1dc6453be99b753906f58990e0c45e7b2ca5a3b40a33111e5d17f6edf2f768786e2716af90a8e78f8f91431ab8435f761fef00f9b0c256f6d245
  languageName: node
  linkType: hard

"lodash@npm:^4.17.15, lodash@npm:^4.17.21":
  version: 4.17.21
  resolution: "lodash@npm:4.17.21"
  checksum: eb835a2e51d381e561e508ce932ea50a8e5a68f4ebdd771ea240d3048244a8d13658acbd502cd4829768c56f2e16bdd4340b9ea141297d472517b83868e677f7
  languageName: node
  linkType: hard

"lru-cache@npm:@wolfy1339/lru-cache@^11.0.2-patch.1":
  version: 11.0.2-patch.1
  resolution: "@wolfy1339/lru-cache@npm:11.0.2-patch.1"
  checksum: 60cc2839abbae0fa50152fde143da5ac1141773cefb3505602956074dfa358ec87e107987cad7fd2292768663855497160a2c1e449d7f4e8b4684fb08f89dc25
  languageName: node
  linkType: hard

"luxon@npm:^3.4.4":
  version: 3.5.0
  resolution: "luxon@npm:3.5.0"
  checksum: f290fe5788c8e51e748744f05092160d4be12150dca70f9fadc0d233e53d60ce86acd82e7d909a114730a136a77e56f0d3ebac6141bbb82fd310969a4704825b
  languageName: node
  linkType: hard

"media-typer@npm:0.3.0":
  version: 0.3.0
  resolution: "media-typer@npm:0.3.0"
  checksum: af1b38516c28ec95d6b0826f6c8f276c58aec391f76be42aa07646b4e39d317723e869700933ca6995b056db4b09a78c92d5440dc23657e6764be5d28874bba1
  languageName: node
  linkType: hard

"merge-descriptors@npm:1.0.3":
  version: 1.0.3
  resolution: "merge-descriptors@npm:1.0.3"
  checksum: 52117adbe0313d5defa771c9993fe081e2d2df9b840597e966aadafde04ae8d0e3da46bac7ca4efc37d4d2b839436582659cd49c6a43eacb3fe3050896a105d1
  languageName: node
  linkType: hard

"methods@npm:~1.1.2":
  version: 1.1.2
  resolution: "methods@npm:1.1.2"
  checksum: 0917ff4041fa8e2f2fda5425a955fe16ca411591fbd123c0d722fcf02b73971ed6f764d85f0a6f547ce49ee0221ce2c19a5fa692157931cecb422984f1dcd13a
  languageName: node
  linkType: hard

"mime-db@npm:1.52.0":
  version: 1.52.0
  resolution: "mime-db@npm:1.52.0"
  checksum: 0d99a03585f8b39d68182803b12ac601d9c01abfa28ec56204fa330bc9f3d1c5e14beb049bafadb3dbdf646dfb94b87e24d4ec7b31b7279ef906a8ea9b6a513f
  languageName: node
  linkType: hard

"mime-types@npm:~2.1.24, mime-types@npm:~2.1.34":
  version: 2.1.35
  resolution: "mime-types@npm:2.1.35"
  dependencies:
    mime-db: 1.52.0
  checksum: 89a5b7f1def9f3af5dad6496c5ed50191ae4331cc5389d7c521c8ad28d5fdad2d06fd81baf38fed813dc4e46bb55c8145bb0ff406330818c9cf712fb2e9b3836
  languageName: node
  linkType: hard

"mime@npm:1.6.0":
  version: 1.6.0
  resolution: "mime@npm:1.6.0"
  bin:
    mime: cli.js
  checksum: fef25e39263e6d207580bdc629f8872a3f9772c923c7f8c7e793175cee22777bbe8bba95e5d509a40aaa292d8974514ce634ae35769faa45f22d17edda5e8557
  languageName: node
  linkType: hard

"mock-json-schema@npm:^1.0.7":
  version: 1.1.1
  resolution: "mock-json-schema@npm:1.1.1"
  dependencies:
    lodash: ^4.17.21
  checksum: 3a45b85acdb0d0470ae7afee50a367d259f3eccbd32658a74ee0c30d25e14412c79bee310a68ab010a463791bf875f29e08396e6ad2122e875396253d33a82ad
  languageName: node
  linkType: hard

"ms@npm:2.0.0":
  version: 2.0.0
  resolution: "ms@npm:2.0.0"
  checksum: 0e6a22b8b746d2e0b65a430519934fefd41b6db0682e3477c10f60c76e947c4c0ad06f63ffdf1d78d335f83edee8c0aa928aa66a36c7cd95b69b26f468d527f4
  languageName: node
  linkType: hard

"ms@npm:2.1.3, ms@npm:^2.1.1":
  version: 2.1.3
  resolution: "ms@npm:2.1.3"
  checksum: aa92de608021b242401676e35cfa5aa42dd70cbdc082b916da7fb925c542173e36bce97ea3e804923fe92c0ad991434e4a38327e15a1b5b5f945d66df615ae6d
  languageName: node
  linkType: hard

"negotiator@npm:0.6.3":
  version: 0.6.3
  resolution: "negotiator@npm:0.6.3"
  checksum: b8ffeb1e262eff7968fc90a2b6767b04cfd9842582a9d0ece0af7049537266e7b2506dfb1d107a32f06dd849ab2aea834d5830f7f4d0e5cb7d36e1ae55d021d9
  languageName: node
  linkType: hard

"node-fetch@npm:^2.6.7":
  version: 2.7.0
  resolution: "node-fetch@npm:2.7.0"
  dependencies:
    whatwg-url: ^5.0.0
  peerDependencies:
    encoding: ^0.1.0
  peerDependenciesMeta:
    encoding:
      optional: true
  checksum: d76d2f5edb451a3f05b15115ec89fc6be39de37c6089f1b6368df03b91e1633fd379a7e01b7ab05089a25034b2023d959b47e59759cb38d88341b2459e89d6e5
  languageName: node
  linkType: hard

"object-inspect@npm:^1.13.1":
  version: 1.13.3
  resolution: "object-inspect@npm:1.13.3"
  checksum: 8c962102117241e18ea403b84d2521f78291b774b03a29ee80a9863621d88265ffd11d0d7e435c4c2cea0dc2a2fbf8bbc92255737a05536590f2df2e8756f297
  languageName: node
  linkType: hard

"on-finished@npm:2.4.1":
  version: 2.4.1
  resolution: "on-finished@npm:2.4.1"
  dependencies:
    ee-first: 1.1.1
  checksum: d20929a25e7f0bb62f937a425b5edeb4e4cde0540d77ba146ec9357f00b0d497cdb3b9b05b9c8e46222407d1548d08166bff69cc56dfa55ba0e4469228920ff0
  languageName: node
  linkType: hard

"once@npm:^1.4.0":
  version: 1.4.0
  resolution: "once@npm:1.4.0"
  dependencies:
    wrappy: 1
  checksum: cd0a88501333edd640d95f0d2700fbde6bff20b3d4d9bdc521bdd31af0656b5706570d6c6afe532045a20bb8dc0849f8332d6f2a416e0ba6d3d3b98806c7db68
  languageName: node
  linkType: hard

"openapi-backend@npm:^5.10.6":
  version: 5.11.1
  resolution: "openapi-backend@npm:5.11.1"
  dependencies:
    "@apidevtools/json-schema-ref-parser": ^11.1.0
    ajv: ^8.6.2
    bath-es5: ^3.0.3
    cookie: ^1.0.1
    dereference-json-schema: ^0.2.1
    lodash: ^4.17.15
    mock-json-schema: ^1.0.7
    openapi-schema-validator: ^12.0.0
    openapi-types: ^12.0.2
    qs: ^6.9.3
  checksum: cd51379e21a6fc89e8497e11dcacff398ccab54366b70e7e91740367411ce295de170957ca172c5063094786b0af854f88db85de9928d6edf89444134be667ff
  languageName: node
  linkType: hard

"openapi-schema-validator@npm:^12.0.0":
  version: 12.1.3
  resolution: "openapi-schema-validator@npm:12.1.3"
  dependencies:
    ajv: ^8.1.0
    ajv-formats: ^2.0.2
    lodash.merge: ^4.6.1
    openapi-types: ^12.1.3
  checksum: 68170db4aced2c47d90bffbfc07e7507b89f79342840bbe2fe349f4f73dd26940f3bb9dd682c9a4ff8075198a02a218d28cd793538b0aa4c88f23ee695a62ae8
  languageName: node
  linkType: hard

"openapi-types@npm:^12.0.2, openapi-types@npm:^12.1.3":
  version: 12.1.3
  resolution: "openapi-types@npm:12.1.3"
  checksum: 7fa5547f87a58d2aa0eba6e91d396f42d7d31bc3ae140e61b5d60b47d2fd068b48776f42407d5a8da7280cf31195aa128c2fc285e8bb871d1105edee5647a0bb
  languageName: node
  linkType: hard

"parse-path@npm:^7.0.0":
  version: 7.0.0
  resolution: "parse-path@npm:7.0.0"
  dependencies:
    protocols: ^2.0.0
  checksum: 244b46523a58181d251dda9b888efde35d8afb957436598d948852f416d8c76ddb4f2010f9fc94218b4be3e5c0f716aa0d2026194a781e3b8981924142009302
  languageName: node
  linkType: hard

"parse-url@npm:^8.1.0":
  version: 8.1.0
  resolution: "parse-url@npm:8.1.0"
  dependencies:
    parse-path: ^7.0.0
  checksum: b93e21ab4c93c7d7317df23507b41be7697694d4c94f49ed5c8d6288b01cba328fcef5ba388e147948eac20453dee0df9a67ab2012415189fff85973bdffe8d9
  languageName: node
  linkType: hard

"parseurl@npm:~1.3.3":
  version: 1.3.3
  resolution: "parseurl@npm:1.3.3"
  checksum: 407cee8e0a3a4c5cd472559bca8b6a45b82c124e9a4703302326e9ab60fc1081442ada4e02628efef1eb16197ddc7f8822f5a91fd7d7c86b51f530aedb17dfa2
  languageName: node
  linkType: hard

"path-to-regexp@npm:0.1.10":
  version: 0.1.10
  resolution: "path-to-regexp@npm:0.1.10"
  checksum: ab7a3b7a0b914476d44030340b0a65d69851af2a0f33427df1476100ccb87d409c39e2182837a96b98fb38c4ef2ba6b87bdad62bb70a2c153876b8061760583c
  languageName: node
  linkType: hard

"protocols@npm:^2.0.0, protocols@npm:^2.0.1":
  version: 2.0.1
  resolution: "protocols@npm:2.0.1"
  checksum: 4a9bef6aa0449a0245ded319ac3cbfd032c3e76ebb562777037a3a832c99253d0e8bc2847f7be350236df620a11f7d4fe683ea7f59a2cc14c69f746b6259eda4
  languageName: node
  linkType: hard

"proxy-addr@npm:~2.0.7":
  version: 2.0.7
  resolution: "proxy-addr@npm:2.0.7"
  dependencies:
    forwarded: 0.2.0
    ipaddr.js: 1.9.1
  checksum: 29c6990ce9364648255454842f06f8c46fcd124d3e6d7c5066df44662de63cdc0bad032e9bf5a3d653ff72141cc7b6019873d685708ac8210c30458ad99f2b74
  languageName: node
  linkType: hard

"qs@npm:6.13.0":
  version: 6.13.0
  resolution: "qs@npm:6.13.0"
  dependencies:
    side-channel: ^1.0.6
  checksum: e9404dc0fc2849245107108ce9ec2766cde3be1b271de0bf1021d049dc5b98d1a2901e67b431ac5509f865420a7ed80b7acb3980099fe1c118a1c5d2e1432ad8
  languageName: node
  linkType: hard

"qs@npm:^6.9.3":
  version: 6.13.1
  resolution: "qs@npm:6.13.1"
  dependencies:
    side-channel: ^1.0.6
  checksum: 86c5059146955fab76624e95771031541328c171b1d63d48a7ac3b1fdffe262faf8bc5fcadc1684e6f3da3ec87a8dedc8c0009792aceb20c5e94dc34cf468bb9
  languageName: node
  linkType: hard

"range-parser@npm:~1.2.1":
  version: 1.2.1
  resolution: "range-parser@npm:1.2.1"
  checksum: 0a268d4fea508661cf5743dfe3d5f47ce214fd6b7dec1de0da4d669dd4ef3d2144468ebe4179049eff253d9d27e719c88dae55be64f954e80135a0cada804ec9
  languageName: node
  linkType: hard

"raw-body@npm:2.5.2":
  version: 2.5.2
  resolution: "raw-body@npm:2.5.2"
  dependencies:
    bytes: 3.1.2
    http-errors: 2.0.0
    iconv-lite: 0.4.24
    unpipe: 1.0.0
  checksum: ba1583c8d8a48e8fbb7a873fdbb2df66ea4ff83775421bfe21ee120140949ab048200668c47d9ae3880012f6e217052690628cf679ddfbd82c9fc9358d574676
  languageName: node
  linkType: hard

"red-hat-developer-hub-backstage-plugin-bulk-import-backend-dynamic@workspace:.":
  version: 0.0.0-use.local
  resolution: "red-hat-developer-hub-backstage-plugin-bulk-import-backend-dynamic@workspace:."
  dependencies:
    "@octokit/auth-app": ^6.0.3
    "@octokit/rest": ^20.0.2
    ajv-formats: ^3.0.1
    express: ^4.17.1
    git-url-parse: ^14.0.0
    js-yaml: ^4.1.0
    luxon: ^3.4.4
    node-fetch: ^2.6.7
    openapi-backend: ^5.10.6
  peerDependencies:
    "@backstage/backend-defaults": ^0.5.2
    "@backstage/backend-plugin-api": ^1.0.1
    "@backstage/errors": ^1.2.4
    "@backstage/integration": ^1.15.1
    "@backstage/plugin-catalog-node": ^1.13.1
    "@backstage/plugin-permission-common": ^0.8.1
    "@backstage/plugin-permission-node": ^0.8.4
  languageName: unknown
  linkType: soft

"require-from-string@npm:^2.0.2":
  version: 2.0.2
  resolution: "require-from-string@npm:2.0.2"
  checksum: a03ef6895445f33a4015300c426699bc66b2b044ba7b670aa238610381b56d3f07c686251740d575e22f4c87531ba662d06937508f0f3c0f1ddc04db3130560b
  languageName: node
  linkType: hard

"safe-buffer@npm:5.2.1, safe-buffer@npm:^5.0.1":
  version: 5.2.1
  resolution: "safe-buffer@npm:5.2.1"
  checksum: b99c4b41fdd67a6aaf280fcd05e9ffb0813654894223afb78a31f14a19ad220bba8aba1cb14eddce1fcfb037155fe6de4e861784eb434f7d11ed58d1e70dd491
  languageName: node
  linkType: hard

"safer-buffer@npm:>= 2.1.2 < 3":
  version: 2.1.2
  resolution: "safer-buffer@npm:2.1.2"
  checksum: cab8f25ae6f1434abee8d80023d7e72b598cf1327164ddab31003c51215526801e40b66c5e65d658a0af1e9d6478cadcb4c745f4bd6751f97d8644786c0978b0
  languageName: node
  linkType: hard

"semver@npm:^7.5.4":
  version: 7.6.3
  resolution: "semver@npm:7.6.3"
  bin:
    semver: bin/semver.js
  checksum: 4110ec5d015c9438f322257b1c51fe30276e5f766a3f64c09edd1d7ea7118ecbc3f379f3b69032bacf13116dc7abc4ad8ce0d7e2bd642e26b0d271b56b61a7d8
  languageName: node
  linkType: hard

"send@npm:0.19.0":
  version: 0.19.0
  resolution: "send@npm:0.19.0"
  dependencies:
    debug: 2.6.9
    depd: 2.0.0
    destroy: 1.2.0
    encodeurl: ~1.0.2
    escape-html: ~1.0.3
    etag: ~1.8.1
    fresh: 0.5.2
    http-errors: 2.0.0
    mime: 1.6.0
    ms: 2.1.3
    on-finished: 2.4.1
    range-parser: ~1.2.1
    statuses: 2.0.1
  checksum: 5ae11bd900c1c2575525e2aa622e856804e2f96a09281ec1e39610d089f53aa69e13fd8db84b52f001d0318cf4bb0b3b904ad532fc4c0014eb90d32db0cff55f
  languageName: node
  linkType: hard

"serve-static@npm:1.16.2":
  version: 1.16.2
  resolution: "serve-static@npm:1.16.2"
  dependencies:
    encodeurl: ~2.0.0
    escape-html: ~1.0.3
    parseurl: ~1.3.3
    send: 0.19.0
  checksum: dffc52feb4cc5c68e66d0c7f3c1824d4e989f71050aefc9bd5f822a42c54c9b814f595fc5f2b717f4c7cc05396145f3e90422af31186a93f76cf15f707019759
  languageName: node
  linkType: hard

"set-function-length@npm:^1.2.1":
  version: 1.2.2
  resolution: "set-function-length@npm:1.2.2"
  dependencies:
    define-data-property: ^1.1.4
    es-errors: ^1.3.0
    function-bind: ^1.1.2
    get-intrinsic: ^1.2.4
    gopd: ^1.0.1
    has-property-descriptors: ^1.0.2
  checksum: a8248bdacdf84cb0fab4637774d9fb3c7a8e6089866d04c817583ff48e14149c87044ce683d7f50759a8c50fb87c7a7e173535b06169c87ef76f5fb276dfff72
  languageName: node
  linkType: hard

"setprototypeof@npm:1.2.0":
  version: 1.2.0
  resolution: "setprototypeof@npm:1.2.0"
  checksum: be18cbbf70e7d8097c97f713a2e76edf84e87299b40d085c6bf8b65314e994cc15e2e317727342fa6996e38e1f52c59720b53fe621e2eb593a6847bf0356db89
  languageName: node
  linkType: hard

"side-channel@npm:^1.0.6":
  version: 1.0.6
  resolution: "side-channel@npm:1.0.6"
  dependencies:
    call-bind: ^1.0.7
    es-errors: ^1.3.0
    get-intrinsic: ^1.2.4
    object-inspect: ^1.13.1
  checksum: bfc1afc1827d712271453e91b7cd3878ac0efd767495fd4e594c4c2afaa7963b7b510e249572bfd54b0527e66e4a12b61b80c061389e129755f34c493aad9b97
  languageName: node
  linkType: hard

"statuses@npm:2.0.1":
  version: 2.0.1
  resolution: "statuses@npm:2.0.1"
  checksum: 18c7623fdb8f646fb213ca4051be4df7efb3484d4ab662937ca6fbef7ced9b9e12842709872eb3020cc3504b93bde88935c9f6417489627a7786f24f8031cbcb
  languageName: node
  linkType: hard

"toidentifier@npm:1.0.1":
  version: 1.0.1
  resolution: "toidentifier@npm:1.0.1"
  checksum: 952c29e2a85d7123239b5cfdd889a0dde47ab0497f0913d70588f19c53f7e0b5327c95f4651e413c74b785147f9637b17410ac8c846d5d4a20a5a33eb6dc3a45
  languageName: node
  linkType: hard

"tr46@npm:~0.0.3":
  version: 0.0.3
  resolution: "tr46@npm:0.0.3"
  checksum: 726321c5eaf41b5002e17ffbd1fb7245999a073e8979085dacd47c4b4e8068ff5777142fc6726d6ca1fd2ff16921b48788b87225cbc57c72636f6efa8efbffe3
  languageName: node
  linkType: hard

"type-is@npm:~1.6.18":
  version: 1.6.18
  resolution: "type-is@npm:1.6.18"
  dependencies:
    media-typer: 0.3.0
    mime-types: ~2.1.24
  checksum: 2c8e47675d55f8b4e404bcf529abdf5036c537a04c2b20177bcf78c9e3c1da69da3942b1346e6edb09e823228c0ee656ef0e033765ec39a70d496ef601a0c657
  languageName: node
  linkType: hard

"undici-types@npm:~6.19.8":
  version: 6.19.8
  resolution: "undici-types@npm:6.19.8"
  checksum: de51f1b447d22571cf155dfe14ff6d12c5bdaec237c765085b439c38ca8518fc360e88c70f99469162bf2e14188a7b0bcb06e1ed2dc031042b984b0bb9544017
  languageName: node
  linkType: hard

"universal-github-app-jwt@npm:^1.1.2":
  version: 1.2.0
  resolution: "universal-github-app-jwt@npm:1.2.0"
  dependencies:
    "@types/jsonwebtoken": ^9.0.0
    jsonwebtoken: ^9.0.2
  checksum: e5d1f80ec3b0fa3eb28049d39e624ca51cd367aaeabebb5858cdf7d2a04d19b70446b6fcdaa01e26e550a93aba43754729372e44908e036d409e65a4b17acb2a
  languageName: node
  linkType: hard

"universal-user-agent@npm:^6.0.0":
  version: 6.0.1
  resolution: "universal-user-agent@npm:6.0.1"
  checksum: fdc8e1ae48a05decfc7ded09b62071f571c7fe0bd793d700704c80cea316101d4eac15cc27ed2bb64f4ce166d2684777c3198b9ab16034f547abea0d3aa1c93c
  languageName: node
  linkType: hard

"unpipe@npm:1.0.0, unpipe@npm:~1.0.0":
  version: 1.0.0
  resolution: "unpipe@npm:1.0.0"
  checksum: 4fa18d8d8d977c55cb09715385c203197105e10a6d220087ec819f50cb68870f02942244f1017565484237f1f8c5d3cd413631b1ae104d3096f24fdfde1b4aa2
  languageName: node
  linkType: hard

"utils-merge@npm:1.0.1":
  version: 1.0.1
  resolution: "utils-merge@npm:1.0.1"
  checksum: c81095493225ecfc28add49c106ca4f09cdf56bc66731aa8dabc2edbbccb1e1bfe2de6a115e5c6a380d3ea166d1636410b62ef216bb07b3feb1cfde1d95d5080
  languageName: node
  linkType: hard

"vary@npm:~1.1.2":
  version: 1.1.2
  resolution: "vary@npm:1.1.2"
  checksum: ae0123222c6df65b437669d63dfa8c36cee20a504101b2fcd97b8bf76f91259c17f9f2b4d70a1e3c6bbcee7f51b28392833adb6b2770b23b01abec84e369660b
  languageName: node
  linkType: hard

"webidl-conversions@npm:^3.0.0":
  version: 3.0.1
  resolution: "webidl-conversions@npm:3.0.1"
  checksum: c92a0a6ab95314bde9c32e1d0a6dfac83b578f8fa5f21e675bc2706ed6981bc26b7eb7e6a1fab158e5ce4adf9caa4a0aee49a52505d4d13c7be545f15021b17c
  languageName: node
  linkType: hard

"whatwg-url@npm:^5.0.0":
  version: 5.0.0
  resolution: "whatwg-url@npm:5.0.0"
  dependencies:
    tr46: ~0.0.3
    webidl-conversions: ^3.0.0
  checksum: b8daed4ad3356cc4899048a15b2c143a9aed0dfae1f611ebd55073310c7b910f522ad75d727346ad64203d7e6c79ef25eafd465f4d12775ca44b90fa82ed9e2c
  languageName: node
  linkType: hard

"wrappy@npm:1":
  version: 1.0.2
  resolution: "wrappy@npm:1.0.2"
  checksum: 159da4805f7e84a3d003d8841557196034155008f817172d4e986bd591f74aa82aa7db55929a54222309e01079a65a92a9e6414da5a6aa4b01ee44a511ac3ee5
  languageName: node
  linkType: hard
