# This file is generated by running "yarn install" inside your project.
# Manual changes might be lost - proceed with caution!

__metadata:
  version: 8
  cacheKey: 10c0

"azure-devops-node-api@npm:^12.0.0":
  version: 12.4.0
  resolution: "azure-devops-node-api@npm:12.4.0"
  dependencies:
    tunnel: "npm:0.0.6"
    typed-rest-client: "npm:^1.8.4"
  checksum: 10c0/f1a1964aa2d421574d83a545d5eb01d1d5f5b0e4518d71dfa61908f4a10237b820cc1824dfa15c941adacf3eaaa7987e4b8b176e336eadb35a17b0457257a467
  languageName: node
  linkType: hard

"backstage-plugin-scaffolder-backend-module-azure-dynamic@workspace:.":
  version: 0.0.0-use.local
  resolution: "backstage-plugin-scaffolder-backend-module-azure-dynamic@workspace:."
  dependencies:
    azure-devops-node-api: "npm:^12.0.0"
    yaml: "npm:^2.0.0"
  peerDependencies:
    "@backstage/backend-plugin-api": ^0.6.16
    "@backstage/config": ^1.2.0
    "@backstage/errors": ^1.2.4
    "@backstage/integration": ^1.9.1
    "@backstage/plugin-scaffolder-node": ^0.4.2
  languageName: unknown
  linkType: soft

"call-bind@npm:^1.0.7":
  version: 1.0.7
  resolution: "call-bind@npm:1.0.7"
  dependencies:
    es-define-property: "npm:^1.0.0"
    es-errors: "npm:^1.3.0"
    function-bind: "npm:^1.1.2"
    get-intrinsic: "npm:^1.2.4"
    set-function-length: "npm:^1.2.1"
  checksum: 10c0/a3ded2e423b8e2a265983dba81c27e125b48eefb2655e7dfab6be597088da3d47c47976c24bc51b8fd9af1061f8f87b4ab78a314f3c77784b2ae2ba535ad8b8d
  languageName: node
  linkType: hard

"define-data-property@npm:^1.1.2":
  version: 1.1.4
  resolution: "define-data-property@npm:1.1.4"
  dependencies:
    es-define-property: "npm:^1.0.0"
    es-errors: "npm:^1.3.0"
    gopd: "npm:^1.0.1"
  checksum: 10c0/dea0606d1483eb9db8d930d4eac62ca0fa16738b0b3e07046cddfacf7d8c868bbe13fa0cb263eb91c7d0d527960dc3f2f2471a69ed7816210307f6744fe62e37
  languageName: node
  linkType: hard

"es-define-property@npm:^1.0.0":
  version: 1.0.0
  resolution: "es-define-property@npm:1.0.0"
  dependencies:
    get-intrinsic: "npm:^1.2.4"
  checksum: 10c0/6bf3191feb7ea2ebda48b577f69bdfac7a2b3c9bcf97307f55fd6ef1bbca0b49f0c219a935aca506c993d8c5d8bddd937766cb760cd5e5a1071351f2df9f9aa4
  languageName: node
  linkType: hard

"es-errors@npm:^1.3.0":
  version: 1.3.0
  resolution: "es-errors@npm:1.3.0"
  checksum: 10c0/0a61325670072f98d8ae3b914edab3559b6caa980f08054a3b872052640d91da01d38df55df797fcc916389d77fc92b8d5906cf028f4db46d7e3003abecbca85
  languageName: node
  linkType: hard

"function-bind@npm:^1.1.2":
  version: 1.1.2
  resolution: "function-bind@npm:1.1.2"
  checksum: 10c0/d8680ee1e5fcd4c197e4ac33b2b4dce03c71f4d91717292785703db200f5c21f977c568d28061226f9b5900cbcd2c84463646134fd5337e7925e0942bc3f46d5
  languageName: node
  linkType: hard

"get-intrinsic@npm:^1.1.3, get-intrinsic@npm:^1.2.3, get-intrinsic@npm:^1.2.4":
  version: 1.2.4
  resolution: "get-intrinsic@npm:1.2.4"
  dependencies:
    es-errors: "npm:^1.3.0"
    function-bind: "npm:^1.1.2"
    has-proto: "npm:^1.0.1"
    has-symbols: "npm:^1.0.3"
    hasown: "npm:^2.0.0"
  checksum: 10c0/0a9b82c16696ed6da5e39b1267104475c47e3a9bdbe8b509dfe1710946e38a87be70d759f4bb3cda042d76a41ef47fe769660f3b7c0d1f68750299344ffb15b7
  languageName: node
  linkType: hard

"gopd@npm:^1.0.1":
  version: 1.0.1
  resolution: "gopd@npm:1.0.1"
  dependencies:
    get-intrinsic: "npm:^1.1.3"
  checksum: 10c0/505c05487f7944c552cee72087bf1567debb470d4355b1335f2c262d218ebbff805cd3715448fe29b4b380bae6912561d0467233e4165830efd28da241418c63
  languageName: node
  linkType: hard

"has-property-descriptors@npm:^1.0.1":
  version: 1.0.2
  resolution: "has-property-descriptors@npm:1.0.2"
  dependencies:
    es-define-property: "npm:^1.0.0"
  checksum: 10c0/253c1f59e80bb476cf0dde8ff5284505d90c3bdb762983c3514d36414290475fe3fd6f574929d84de2a8eec00d35cf07cb6776205ff32efd7c50719125f00236
  languageName: node
  linkType: hard

"has-proto@npm:^1.0.1":
  version: 1.0.3
  resolution: "has-proto@npm:1.0.3"
  checksum: 10c0/35a6989f81e9f8022c2f4027f8b48a552de714938765d019dbea6bb547bd49ce5010a3c7c32ec6ddac6e48fc546166a3583b128f5a7add8b058a6d8b4afec205
  languageName: node
  linkType: hard

"has-symbols@npm:^1.0.3":
  version: 1.0.3
  resolution: "has-symbols@npm:1.0.3"
  checksum: 10c0/e6922b4345a3f37069cdfe8600febbca791c94988c01af3394d86ca3360b4b93928bbf395859158f88099cb10b19d98e3bbab7c9ff2c1bd09cf665ee90afa2c3
  languageName: node
  linkType: hard

"hasown@npm:^2.0.0":
  version: 2.0.1
  resolution: "hasown@npm:2.0.1"
  dependencies:
    function-bind: "npm:^1.1.2"
  checksum: 10c0/9e27e70e8e4204f4124c8f99950d1ba2b1f5174864fd39ff26da190f9ea6488c1b3927dcc64981c26d1f637a971783c9489d62c829d393ea509e6f1ba20370bb
  languageName: node
  linkType: hard

"object-inspect@npm:^1.13.1":
  version: 1.13.1
  resolution: "object-inspect@npm:1.13.1"
  checksum: 10c0/fad603f408e345c82e946abdf4bfd774260a5ed3e5997a0b057c44153ac32c7271ff19e3a5ae39c858da683ba045ccac2f65245c12763ce4e8594f818f4a648d
  languageName: node
  linkType: hard

"qs@npm:^6.9.1":
  version: 6.11.2
  resolution: "qs@npm:6.11.2"
  dependencies:
    side-channel: "npm:^1.0.4"
  checksum: 10c0/4f95d4ff18ed480befcafa3390022817ffd3087fc65f146cceb40fc5edb9fa96cb31f648cae2fa96ca23818f0798bd63ad4ca369a0e22702fcd41379b3ab6571
  languageName: node
  linkType: hard

"set-function-length@npm:^1.2.1":
  version: 1.2.1
  resolution: "set-function-length@npm:1.2.1"
  dependencies:
    define-data-property: "npm:^1.1.2"
    es-errors: "npm:^1.3.0"
    function-bind: "npm:^1.1.2"
    get-intrinsic: "npm:^1.2.3"
    gopd: "npm:^1.0.1"
    has-property-descriptors: "npm:^1.0.1"
  checksum: 10c0/1927e296599f2c04d210c1911f1600430a5e49e04a6d8bb03dca5487b95a574da9968813a2ced9a774bd3e188d4a6208352c8f64b8d4674cdb021dca21e190ca
  languageName: node
  linkType: hard

"side-channel@npm:^1.0.4":
  version: 1.0.6
  resolution: "side-channel@npm:1.0.6"
  dependencies:
    call-bind: "npm:^1.0.7"
    es-errors: "npm:^1.3.0"
    get-intrinsic: "npm:^1.2.4"
    object-inspect: "npm:^1.13.1"
  checksum: 10c0/d2afd163dc733cc0a39aa6f7e39bf0c436293510dbccbff446733daeaf295857dbccf94297092ec8c53e2503acac30f0b78830876f0485991d62a90e9cad305f
  languageName: node
  linkType: hard

"tunnel@npm:0.0.6":
  version: 0.0.6
  resolution: "tunnel@npm:0.0.6"
  checksum: 10c0/e27e7e896f2426c1c747325b5f54efebc1a004647d853fad892b46d64e37591ccd0b97439470795e5262b5c0748d22beb4489a04a0a448029636670bfd801b75
  languageName: node
  linkType: hard

"typed-rest-client@npm:^1.8.4":
  version: 1.8.11
  resolution: "typed-rest-client@npm:1.8.11"
  dependencies:
    qs: "npm:^6.9.1"
    tunnel: "npm:0.0.6"
    underscore: "npm:^1.12.1"
  checksum: 10c0/423cd386256c7faa2edc4eadace31f3f79861dabcca3d59973fef583572719061610230c25944cc023d35f6d594e0053f71e4b5f5282e81c4e04203ac85cf502
  languageName: node
  linkType: hard

"underscore@npm:^1.12.1":
  version: 1.13.6
  resolution: "underscore@npm:1.13.6"
  checksum: 10c0/5f57047f47273044c045fddeb8b141dafa703aa487afd84b319c2495de2e685cecd0b74abec098292320d518b267c0c4598e45aa47d4c3628d0d4020966ba521
  languageName: node
  linkType: hard

"yaml@npm:^2.0.0":
  version: 2.4.0
  resolution: "yaml@npm:2.4.0"
  bin:
    yaml: bin.mjs
  checksum: 10c0/97ab0b5a0714c92e4dd75120a6a63e470b0adc282afae0a701bf38f8c42cbf6429fcd6aca883e3a63c68936ab841862e6c69e2d66d355c3e4fc7cfd346af2108
  languageName: node
  linkType: hard
