# This file is generated by running "yarn install" inside your project.
# Manual changes might be lost - proceed with caution!

__metadata:
  version: 6

"backstage-plugin-catalog-backend-module-gitlab-org-dynamic@workspace:.":
  version: 0.0.0-use.local
  resolution: "backstage-plugin-catalog-backend-module-gitlab-org-dynamic@workspace:."
  peerDependencies:
    "@backstage/backend-common": ^0.25.0
    "@backstage/backend-plugin-api": ^1.0.0
    "@backstage/plugin-catalog-backend-module-gitlab": ^0.4.2
    "@backstage/plugin-catalog-node": ^1.13.0
    "@backstage/plugin-events-node": ^0.4.0
  languageName: unknown
  linkType: soft
