# This file is generated by running "yarn install" inside your project.
# Manual changes might be lost - proceed with caution!

__metadata:
  version: 8
  cacheKey: 10c0

"@colors/colors@npm:1.6.0, @colors/colors@npm:^1.6.0":
  version: 1.6.0
  resolution: "@colors/colors@npm:1.6.0"
  checksum: 10c0/9328a0778a5b0db243af54455b79a69e3fb21122d6c15ef9e9fcc94881d8d17352d8b2b2590f9bdd46fac5c2d6c1636dcfc14358a20c70e22daf89e1a759b629
  languageName: node
  linkType: hard

"@dabh/diagnostics@npm:^2.0.2":
  version: 2.0.3
  resolution: "@dabh/diagnostics@npm:2.0.3"
  dependencies:
    colorspace: "npm:1.1.x"
    enabled: "npm:2.0.x"
    kuler: "npm:^2.0.0"
  checksum: 10c0/a5133df8492802465ed01f2f0a5784585241a1030c362d54a602ed1839816d6c93d71dde05cf2ddb4fd0796238c19774406bd62fa2564b637907b495f52425fe
  languageName: node
  linkType: hard

"@octokit/app@npm:^14.0.2":
  version: 14.0.2
  resolution: "@octokit/app@npm:14.0.2"
  dependencies:
    "@octokit/auth-app": "npm:^6.0.0"
    "@octokit/auth-unauthenticated": "npm:^5.0.0"
    "@octokit/core": "npm:^5.0.0"
    "@octokit/oauth-app": "npm:^6.0.0"
    "@octokit/plugin-paginate-rest": "npm:^9.0.0"
    "@octokit/types": "npm:^12.0.0"
    "@octokit/webhooks": "npm:^12.0.4"
  checksum: 10c0/92b4193bfbe0b12196329f7b7d1d3f038575eb54680a95a68a70b62f5ecaa23de9a240a7ad64711f1639266f37c80f09a8975ae8a754fd680384dc1410ae477b
  languageName: node
  linkType: hard

"@octokit/auth-app@npm:^6.0.0":
  version: 6.0.4
  resolution: "@octokit/auth-app@npm:6.0.4"
  dependencies:
    "@octokit/auth-oauth-app": "npm:^7.0.0"
    "@octokit/auth-oauth-user": "npm:^4.0.0"
    "@octokit/request": "npm:^8.0.2"
    "@octokit/request-error": "npm:^5.0.0"
    "@octokit/types": "npm:^12.0.0"
    deprecation: "npm:^2.3.1"
    lru-cache: "npm:^10.0.0"
    universal-github-app-jwt: "npm:^1.1.2"
    universal-user-agent: "npm:^6.0.0"
  checksum: 10c0/600f02d0be587ce08929e14c23cfd289eef68a18309eb5c5ca75d104385ef63ae706e532248375696bee379da34e13b6f12a8dcc925d74d86b5ef4d09b034f92
  languageName: node
  linkType: hard

"@octokit/auth-oauth-app@npm:^7.0.0":
  version: 7.0.1
  resolution: "@octokit/auth-oauth-app@npm:7.0.1"
  dependencies:
    "@octokit/auth-oauth-device": "npm:^6.0.0"
    "@octokit/auth-oauth-user": "npm:^4.0.0"
    "@octokit/request": "npm:^8.0.2"
    "@octokit/types": "npm:^12.0.0"
    "@types/btoa-lite": "npm:^1.0.0"
    btoa-lite: "npm:^1.0.0"
    universal-user-agent: "npm:^6.0.0"
  checksum: 10c0/721bc0bfe31263f68a2f8c6d9d19e55853535f8d08efd2460e33f33b8a0c40ece943018b180635ffad34006fa45e6721b2dbc644675d4a3a8fb0222b0775e831
  languageName: node
  linkType: hard

"@octokit/auth-oauth-device@npm:^6.0.0":
  version: 6.0.1
  resolution: "@octokit/auth-oauth-device@npm:6.0.1"
  dependencies:
    "@octokit/oauth-methods": "npm:^4.0.0"
    "@octokit/request": "npm:^8.0.0"
    "@octokit/types": "npm:^12.0.0"
    universal-user-agent: "npm:^6.0.0"
  checksum: 10c0/9e969de43e5238bef62def6897dddf5c544fce2e582e3ce8ae2889d6ac9de954930e360b526d7f94c11a093709faff8ab4c77039ab218dde679865b09d85baf5
  languageName: node
  linkType: hard

"@octokit/auth-oauth-user@npm:^4.0.0":
  version: 4.0.1
  resolution: "@octokit/auth-oauth-user@npm:4.0.1"
  dependencies:
    "@octokit/auth-oauth-device": "npm:^6.0.0"
    "@octokit/oauth-methods": "npm:^4.0.0"
    "@octokit/request": "npm:^8.0.2"
    "@octokit/types": "npm:^12.0.0"
    btoa-lite: "npm:^1.0.0"
    universal-user-agent: "npm:^6.0.0"
  checksum: 10c0/e887674a65a6083b4ad1d4ab9f48da71d3b386d5eba3c9715b6d9bc2b3837217d9f307c5a2da568941ff138a55b8113c077e952ca8d0295e96de895a521d6a6f
  languageName: node
  linkType: hard

"@octokit/auth-token@npm:^4.0.0":
  version: 4.0.0
  resolution: "@octokit/auth-token@npm:4.0.0"
  checksum: 10c0/57acaa6c394c5abab2f74e8e1dcf4e7a16b236f713c77a54b8f08e2d14114de94b37946259e33ec2aab0566b26f724c2b71d2602352b59e541a9854897618f3c
  languageName: node
  linkType: hard

"@octokit/auth-unauthenticated@npm:^5.0.0":
  version: 5.0.1
  resolution: "@octokit/auth-unauthenticated@npm:5.0.1"
  dependencies:
    "@octokit/request-error": "npm:^5.0.0"
    "@octokit/types": "npm:^12.0.0"
  checksum: 10c0/c9cad429981a34021ec9f1fdc238c39eba36807683859a3bffb9dd66abf1ce016c9a2ff31fe09313458e59b37f8fa91522c0e34a1daecefdabcdf23a494fbcc2
  languageName: node
  linkType: hard

"@octokit/core@npm:^5.0.0":
  version: 5.1.0
  resolution: "@octokit/core@npm:5.1.0"
  dependencies:
    "@octokit/auth-token": "npm:^4.0.0"
    "@octokit/graphql": "npm:^7.0.0"
    "@octokit/request": "npm:^8.0.2"
    "@octokit/request-error": "npm:^5.0.0"
    "@octokit/types": "npm:^12.0.0"
    before-after-hook: "npm:^2.2.0"
    universal-user-agent: "npm:^6.0.0"
  checksum: 10c0/a1d2882373b4a33cd9f6e56d76bcc82e5589a477829fc3491b1ef471a8a83fa437b339a2c76d97d9e8ea4ca12bf3ebf32e66119ba16977e542d98f1f5dd3c994
  languageName: node
  linkType: hard

"@octokit/endpoint@npm:^9.0.0":
  version: 9.0.4
  resolution: "@octokit/endpoint@npm:9.0.4"
  dependencies:
    "@octokit/types": "npm:^12.0.0"
    universal-user-agent: "npm:^6.0.0"
  checksum: 10c0/f1c857c5d85afa9d7e8857f7f97dbec28d3b6ab1dc21fe35172f1bc9e5512c8a3a26edabf6b2d83bb60d700f7ad290c96be960496aa83606095630edfad06db4
  languageName: node
  linkType: hard

"@octokit/graphql@npm:^7.0.0":
  version: 7.0.2
  resolution: "@octokit/graphql@npm:7.0.2"
  dependencies:
    "@octokit/request": "npm:^8.0.1"
    "@octokit/types": "npm:^12.0.0"
    universal-user-agent: "npm:^6.0.0"
  checksum: 10c0/96e5d6b970be60877134cc147b9249534f3a79d691b9932d731d453426fa1e1a0a36111a1b0a6ab43d61309c630903a65db5559b5c800300dc26cf588f50fea8
  languageName: node
  linkType: hard

"@octokit/oauth-app@npm:^6.0.0":
  version: 6.1.0
  resolution: "@octokit/oauth-app@npm:6.1.0"
  dependencies:
    "@octokit/auth-oauth-app": "npm:^7.0.0"
    "@octokit/auth-oauth-user": "npm:^4.0.0"
    "@octokit/auth-unauthenticated": "npm:^5.0.0"
    "@octokit/core": "npm:^5.0.0"
    "@octokit/oauth-authorization-url": "npm:^6.0.2"
    "@octokit/oauth-methods": "npm:^4.0.0"
    "@types/aws-lambda": "npm:^8.10.83"
    universal-user-agent: "npm:^6.0.0"
  checksum: 10c0/9d67ca196eabbb397c677e006d28148d6c5185f88d86e5444c219e43b95e0ecaee5d31807ea24aedb64a76d61c0a53acd8091613e15d10733f41960bd981463c
  languageName: node
  linkType: hard

"@octokit/oauth-authorization-url@npm:^6.0.2":
  version: 6.0.2
  resolution: "@octokit/oauth-authorization-url@npm:6.0.2"
  checksum: 10c0/8c06e538b3e392f0fa68f3347078c32f92c03474eb214e4e82774513a54c164bac14c228f7dbd79d22a920df1a8b2e0765dd6ee45929bda0b77e5cf7f0d92c71
  languageName: node
  linkType: hard

"@octokit/oauth-methods@npm:^4.0.0":
  version: 4.0.1
  resolution: "@octokit/oauth-methods@npm:4.0.1"
  dependencies:
    "@octokit/oauth-authorization-url": "npm:^6.0.2"
    "@octokit/request": "npm:^8.0.2"
    "@octokit/request-error": "npm:^5.0.0"
    "@octokit/types": "npm:^12.0.0"
    btoa-lite: "npm:^1.0.0"
  checksum: 10c0/fcaa5636780e3f406ddea9c6c881e7ae0b2a9fe0ec3bcd2748825ff27219a9ea1e223020bff0c988748d3ec18c6aa91bc9bcb557c8522553b3eccdcd4494d925
  languageName: node
  linkType: hard

"@octokit/openapi-types@npm:^14.0.0":
  version: 14.0.0
  resolution: "@octokit/openapi-types@npm:14.0.0"
  checksum: 10c0/d122bbfd4997ea7e056c7fcf5b3240982b5b090b816671eca01829ac5ce19d2a19f6da35d126ae19a956a4203c68302d8fb33d5c00c77996b4e4a746878ea589
  languageName: node
  linkType: hard

"@octokit/openapi-types@npm:^18.0.0":
  version: 18.1.1
  resolution: "@octokit/openapi-types@npm:18.1.1"
  checksum: 10c0/856d3bb9f8c666e837dd5e8b8c216ee4342b9ed63ff8da922ca4ce5883ed1dfbec73390eb13d69fbcb4703a4c8b8b6a586df3b0e675ff93bf3d46b5b4fe0968e
  languageName: node
  linkType: hard

"@octokit/openapi-types@npm:^20.0.0":
  version: 20.0.0
  resolution: "@octokit/openapi-types@npm:20.0.0"
  checksum: 10c0/5176dcc3b9d182ede3d446750cfa5cf31139624785a73fcf3511e3102a802b4d7cc45e999c27ed91d73fe8b7d718c8c406facb48688926921a71fe603b7db95d
  languageName: node
  linkType: hard

"@octokit/plugin-paginate-graphql@npm:^4.0.0":
  version: 4.0.1
  resolution: "@octokit/plugin-paginate-graphql@npm:4.0.1"
  peerDependencies:
    "@octokit/core": ">=5"
  checksum: 10c0/d559cdc2b5de107a7da5384b5241d1dfdc1038db1c4a70aca8a450c996315936844e0a1888216fb568c7a272bc6adf6667f897e0976b01e68085663b166cc533
  languageName: node
  linkType: hard

"@octokit/plugin-paginate-rest@npm:^9.0.0":
  version: 9.2.1
  resolution: "@octokit/plugin-paginate-rest@npm:9.2.1"
  dependencies:
    "@octokit/types": "npm:^12.6.0"
  peerDependencies:
    "@octokit/core": 5
  checksum: 10c0/1dc55032a9e0c3e6440080a319975c9e4f189913fbc8870a48048d0c712473ea3d902ba247a37a46d45d502859b2728731a0d285107e4b0fa628d380f87163b4
  languageName: node
  linkType: hard

"@octokit/plugin-rest-endpoint-methods@npm:^10.0.0":
  version: 10.4.1
  resolution: "@octokit/plugin-rest-endpoint-methods@npm:10.4.1"
  dependencies:
    "@octokit/types": "npm:^12.6.0"
  peerDependencies:
    "@octokit/core": 5
  checksum: 10c0/4b8f64c0f7fa12464546ad312a5289c2a799967e01e90e2c4923ec6e9604cf212dcb50d9795c9a688867f973c9c529c5950368564c560406c652bcd298f090af
  languageName: node
  linkType: hard

"@octokit/plugin-retry@npm:^6.0.0":
  version: 6.0.1
  resolution: "@octokit/plugin-retry@npm:6.0.1"
  dependencies:
    "@octokit/request-error": "npm:^5.0.0"
    "@octokit/types": "npm:^12.0.0"
    bottleneck: "npm:^2.15.3"
  peerDependencies:
    "@octokit/core": ">=5"
  checksum: 10c0/721b5a7949e3defdec5f1b451850ab924162fd2712c9ab59a2aaaad5b9ed6ee2a9447fe82ec1f91086cf23aaaceb14ff4e74de67ba3c63c5029e59c67b50979c
  languageName: node
  linkType: hard

"@octokit/plugin-throttling@npm:^8.0.0":
  version: 8.2.0
  resolution: "@octokit/plugin-throttling@npm:8.2.0"
  dependencies:
    "@octokit/types": "npm:^12.2.0"
    bottleneck: "npm:^2.15.3"
  peerDependencies:
    "@octokit/core": ^5.0.0
  checksum: 10c0/e65de9958ac5f29ba473bb969d25738f7466dad1b64e8181199c71438c06a6333ba655bd5194581a24199ca06fc9a6e752d0a4782b554ef603b0acffe9f8bfbd
  languageName: node
  linkType: hard

"@octokit/request-error@npm:^3.0.0":
  version: 3.0.3
  resolution: "@octokit/request-error@npm:3.0.3"
  dependencies:
    "@octokit/types": "npm:^9.0.0"
    deprecation: "npm:^2.0.0"
    once: "npm:^1.4.0"
  checksum: 10c0/1e252ac193c8af23b709909911aa327ed5372cbafcba09e4aff41e0f640a7c152579ab0a60311a92e37b4e7936392d59ee4c2feae5cdc387ee8587a33d8afa60
  languageName: node
  linkType: hard

"@octokit/request-error@npm:^5.0.0":
  version: 5.0.1
  resolution: "@octokit/request-error@npm:5.0.1"
  dependencies:
    "@octokit/types": "npm:^12.0.0"
    deprecation: "npm:^2.0.0"
    once: "npm:^1.4.0"
  checksum: 10c0/e72a4627120de345b54876a1f007664095e5be9d624fce2e14fccf7668cd8f5e4929d444d8fc085d48e1fb5cd548538453974aab129a669101110d6679dce6c6
  languageName: node
  linkType: hard

"@octokit/request@npm:^8.0.0, @octokit/request@npm:^8.0.1, @octokit/request@npm:^8.0.2":
  version: 8.2.0
  resolution: "@octokit/request@npm:8.2.0"
  dependencies:
    "@octokit/endpoint": "npm:^9.0.0"
    "@octokit/request-error": "npm:^5.0.0"
    "@octokit/types": "npm:^12.0.0"
    universal-user-agent: "npm:^6.0.0"
  checksum: 10c0/0789edd3b600c5b7ca74089e2842b7bb679a0ad1ec56e5dda54f052d2dd266ac8e6e2eb3c34ba57962066f0770444bf1e99805fd2d762a47776f567beafcf038
  languageName: node
  linkType: hard

"@octokit/types@npm:^12.0.0, @octokit/types@npm:^12.2.0, @octokit/types@npm:^12.6.0":
  version: 12.6.0
  resolution: "@octokit/types@npm:12.6.0"
  dependencies:
    "@octokit/openapi-types": "npm:^20.0.0"
  checksum: 10c0/0bea58bda46c93287f5a80a0e52bc60e7dc7136b8a38c3569d63d073fb9df4a56acdb9d9bdba9978f37c374a4a6e3e52886ef5b08cace048adb0012cacef942c
  languageName: node
  linkType: hard

"@octokit/types@npm:^8.0.0":
  version: 8.2.1
  resolution: "@octokit/types@npm:8.2.1"
  dependencies:
    "@octokit/openapi-types": "npm:^14.0.0"
  checksum: 10c0/85a97bca714b88ea0d34066b4821e48ba4f8dda8f3970f1a00deb02b3e3f1cc315720d25430082dc651c400717510273193ac6af610268488160bb9e6a30bef8
  languageName: node
  linkType: hard

"@octokit/types@npm:^9.0.0":
  version: 9.3.2
  resolution: "@octokit/types@npm:9.3.2"
  dependencies:
    "@octokit/openapi-types": "npm:^18.0.0"
  checksum: 10c0/2925479aa378a4491762b4fcf381bdc7daca39b4e0b2dd7062bce5d74a32ed7d79d20d3c65ceaca6d105cf4b1f7417fea634219bf90f79a57d03e2dac629ec45
  languageName: node
  linkType: hard

"@octokit/webhooks-methods@npm:^3.0.0":
  version: 3.0.3
  resolution: "@octokit/webhooks-methods@npm:3.0.3"
  checksum: 10c0/f000d7b3cb2523bc352a0f2cb9d6f6f19c499704f9273a7564cbb0a69545fe92fc35f8f18ddc45026d54275ecef5ea6c127a7a058a6af2852abd5055a838fc9f
  languageName: node
  linkType: hard

"@octokit/webhooks-methods@npm:^4.1.0":
  version: 4.1.0
  resolution: "@octokit/webhooks-methods@npm:4.1.0"
  checksum: 10c0/153b344b4b20b48fdf89225f482bd9aa612998c28e43d032756d5a2ec7ebf117922fb6a95ee7c0a985cab6924fa4de3378c60e9ff41e384498b8cb7aad3771f2
  languageName: node
  linkType: hard

"@octokit/webhooks-types@npm:6.11.0":
  version: 6.11.0
  resolution: "@octokit/webhooks-types@npm:6.11.0"
  checksum: 10c0/4c99c79d56e6c0390b66aef8c59f49a7a04f9429c22c8e621fff7f591bd0685000551378c778f662e2208c07df81908115f267fac4dd3af39ef3923e2dcc1eb8
  languageName: node
  linkType: hard

"@octokit/webhooks-types@npm:7.3.2":
  version: 7.3.2
  resolution: "@octokit/webhooks-types@npm:7.3.2"
  checksum: 10c0/dcf44c6ec243b32fdaa244958d1e47dc2a46028149ca9f2eba1fbeb88cfa4403e48381c57c8e131c2df78b66a2503994c639f0753e774b9da11fd03bc1515a6a
  languageName: node
  linkType: hard

"@octokit/webhooks@npm:^10.0.0":
  version: 10.9.2
  resolution: "@octokit/webhooks@npm:10.9.2"
  dependencies:
    "@octokit/request-error": "npm:^3.0.0"
    "@octokit/webhooks-methods": "npm:^3.0.0"
    "@octokit/webhooks-types": "npm:6.11.0"
    aggregate-error: "npm:^3.1.0"
  checksum: 10c0/9482ec72630d73f1746ef970d4e39758f0e028d0d67f70672ae0d92d9335387ee031761b2c246e667bdaf27c2318a229a3053417a3ad8b3034e614ff3d455d01
  languageName: node
  linkType: hard

"@octokit/webhooks@npm:^12.0.4":
  version: 12.1.2
  resolution: "@octokit/webhooks@npm:12.1.2"
  dependencies:
    "@octokit/request-error": "npm:^5.0.0"
    "@octokit/webhooks-methods": "npm:^4.1.0"
    "@octokit/webhooks-types": "npm:7.3.2"
    aggregate-error: "npm:^3.1.0"
  checksum: 10c0/577bca3692d0b3c438ebec9bac9f8d6e0674ee2d8b81ff933b740b8238b03df7b0d5e290f67f5854a175d04ae8c7d3f166d8723ce111b84366d0d41d703f1779
  languageName: node
  linkType: hard

"@types/aws-lambda@npm:^8.10.83":
  version: 8.10.134
  resolution: "@types/aws-lambda@npm:8.10.134"
  checksum: 10c0/858df1644a4ed6e140cd555ef41c7f81b60d30b41e889586439db1b6250393b6ce99668e3420be2c5db62b4c33eb11cf8a08a5aade54e8dfb5a87a1adf22d57a
  languageName: node
  linkType: hard

"@types/btoa-lite@npm:^1.0.0":
  version: 1.0.2
  resolution: "@types/btoa-lite@npm:1.0.2"
  checksum: 10c0/daffbb47e4fe6493df70d83878b550adab48bab2f02b3591a59367af3ecebf34c971e070479ab68d83ca59cbeefbc61a50d9a7552f639dc908706183e0222bab
  languageName: node
  linkType: hard

"@types/jsonwebtoken@npm:^9.0.0":
  version: 9.0.6
  resolution: "@types/jsonwebtoken@npm:9.0.6"
  dependencies:
    "@types/node": "npm:*"
  checksum: 10c0/9c29e3896e5fb6056e54d87514643e59e0cfb966ae25171a107776270195bba955f0373e98c8ed6450c145b18984f5df9cf0fcac360f382cec3c7c4d3510b202
  languageName: node
  linkType: hard

"@types/node@npm:*":
  version: 20.11.24
  resolution: "@types/node@npm:20.11.24"
  dependencies:
    undici-types: "npm:~5.26.4"
  checksum: 10c0/5a62225eb4797b41e6953f9c08c4611d607b5422ddd153312fc81ed6ed37115228ae27e3e3caa1a3bf52d88310306a196ba1cfbd8b2ec918a20f64d80dfa22c9
  languageName: node
  linkType: hard

"@types/triple-beam@npm:^1.3.2":
  version: 1.3.5
  resolution: "@types/triple-beam@npm:1.3.5"
  checksum: 10c0/d5d7f25da612f6d79266f4f1bb9c1ef8f1684e9f60abab251e1261170631062b656ba26ff22631f2760caeafd372abc41e64867cde27fba54fafb73a35b9056a
  languageName: node
  linkType: hard

"aggregate-error@npm:^3.1.0":
  version: 3.1.0
  resolution: "aggregate-error@npm:3.1.0"
  dependencies:
    clean-stack: "npm:^2.0.0"
    indent-string: "npm:^4.0.0"
  checksum: 10c0/a42f67faa79e3e6687a4923050e7c9807db3848a037076f791d10e092677d65c1d2d863b7848560699f40fc0502c19f40963fb1cd1fb3d338a7423df8e45e039
  languageName: node
  linkType: hard

"async@npm:^3.2.3":
  version: 3.2.5
  resolution: "async@npm:3.2.5"
  checksum: 10c0/1408287b26c6db67d45cb346e34892cee555b8b59e6c68e6f8c3e495cad5ca13b4f218180e871f3c2ca30df4ab52693b66f2f6ff43644760cab0b2198bda79c1
  languageName: node
  linkType: hard

"backstage-plugin-scaffolder-backend-module-github-dynamic@workspace:.":
  version: 0.0.0-use.local
  resolution: "backstage-plugin-scaffolder-backend-module-github-dynamic@workspace:."
  dependencies:
    "@octokit/webhooks": "npm:^10.0.0"
    libsodium-wrappers: "npm:^0.7.11"
    octokit: "npm:^3.0.0"
    octokit-plugin-create-pull-request: "npm:^5.0.0"
    winston: "npm:^3.2.1"
    yaml: "npm:^2.0.0"
  peerDependencies:
    "@backstage/backend-common": ^0.21.6
    "@backstage/backend-plugin-api": ^0.6.16
    "@backstage/config": ^1.2.0
    "@backstage/errors": ^1.2.4
    "@backstage/integration": ^1.9.1
    "@backstage/plugin-scaffolder-node": ^0.4.2
  languageName: unknown
  linkType: soft

"before-after-hook@npm:^2.2.0":
  version: 2.2.3
  resolution: "before-after-hook@npm:2.2.3"
  checksum: 10c0/0488c4ae12df758ca9d49b3bb27b47fd559677965c52cae7b335784724fb8bf96c42b6e5ba7d7afcbc31facb0e294c3ef717cc41c5bc2f7bd9e76f8b90acd31c
  languageName: node
  linkType: hard

"bottleneck@npm:^2.15.3":
  version: 2.19.5
  resolution: "bottleneck@npm:2.19.5"
  checksum: 10c0/b0f72e45b2e0f56a21ba720183f16bef8e693452fb0495d997fa354e42904353a94bd8fd429868e6751bc85e54b6755190519eed5a0ae0a94a5185209ae7c6d0
  languageName: node
  linkType: hard

"btoa-lite@npm:^1.0.0":
  version: 1.0.0
  resolution: "btoa-lite@npm:1.0.0"
  checksum: 10c0/7a4f0568ae3c915464650f98fde7901ae07b13a333a614515a0c86876b3528670fafece28dfef9745d971a613bb83341823afb0c20c6f318b384c1e364b9eb95
  languageName: node
  linkType: hard

"buffer-equal-constant-time@npm:1.0.1":
  version: 1.0.1
  resolution: "buffer-equal-constant-time@npm:1.0.1"
  checksum: 10c0/fb2294e64d23c573d0dd1f1e7a466c3e978fe94a4e0f8183937912ca374619773bef8e2aceb854129d2efecbbc515bbd0cc78d2734a3e3031edb0888531bbc8e
  languageName: node
  linkType: hard

"clean-stack@npm:^2.0.0":
  version: 2.2.0
  resolution: "clean-stack@npm:2.2.0"
  checksum: 10c0/1f90262d5f6230a17e27d0c190b09d47ebe7efdd76a03b5a1127863f7b3c9aec4c3e6c8bb3a7bbf81d553d56a1fd35728f5a8ef4c63f867ac8d690109742a8c1
  languageName: node
  linkType: hard

"color-convert@npm:^1.9.3":
  version: 1.9.3
  resolution: "color-convert@npm:1.9.3"
  dependencies:
    color-name: "npm:1.1.3"
  checksum: 10c0/5ad3c534949a8c68fca8fbc6f09068f435f0ad290ab8b2f76841b9e6af7e0bb57b98cb05b0e19fe33f5d91e5a8611ad457e5f69e0a484caad1f7487fd0e8253c
  languageName: node
  linkType: hard

"color-name@npm:1.1.3":
  version: 1.1.3
  resolution: "color-name@npm:1.1.3"
  checksum: 10c0/566a3d42cca25b9b3cd5528cd7754b8e89c0eb646b7f214e8e2eaddb69994ac5f0557d9c175eb5d8f0ad73531140d9c47525085ee752a91a2ab15ab459caf6d6
  languageName: node
  linkType: hard

"color-name@npm:^1.0.0":
  version: 1.1.4
  resolution: "color-name@npm:1.1.4"
  checksum: 10c0/a1a3f914156960902f46f7f56bc62effc6c94e84b2cae157a526b1c1f74b677a47ec602bf68a61abfa2b42d15b7c5651c6dbe72a43af720bc588dff885b10f95
  languageName: node
  linkType: hard

"color-string@npm:^1.6.0":
  version: 1.9.1
  resolution: "color-string@npm:1.9.1"
  dependencies:
    color-name: "npm:^1.0.0"
    simple-swizzle: "npm:^0.2.2"
  checksum: 10c0/b0bfd74c03b1f837f543898b512f5ea353f71630ccdd0d66f83028d1f0924a7d4272deb278b9aef376cacf1289b522ac3fb175e99895283645a2dc3a33af2404
  languageName: node
  linkType: hard

"color@npm:^3.1.3":
  version: 3.2.1
  resolution: "color@npm:3.2.1"
  dependencies:
    color-convert: "npm:^1.9.3"
    color-string: "npm:^1.6.0"
  checksum: 10c0/39345d55825884c32a88b95127d417a2c24681d8b57069413596d9fcbb721459ef9d9ec24ce3e65527b5373ce171b73e38dbcd9c830a52a6487e7f37bf00e83c
  languageName: node
  linkType: hard

"colorspace@npm:1.1.x":
  version: 1.1.4
  resolution: "colorspace@npm:1.1.4"
  dependencies:
    color: "npm:^3.1.3"
    text-hex: "npm:1.0.x"
  checksum: 10c0/af5f91ff7f8e146b96e439ac20ed79b197210193bde721b47380a75b21751d90fa56390c773bb67c0aedd34ff85091883a437ab56861c779bd507d639ba7e123
  languageName: node
  linkType: hard

"deprecation@npm:^2.0.0, deprecation@npm:^2.3.1":
  version: 2.3.1
  resolution: "deprecation@npm:2.3.1"
  checksum: 10c0/23d688ba66b74d09b908c40a76179418acbeeb0bfdf218c8075c58ad8d0c315130cb91aa3dffb623aa3a411a3569ce56c6460de6c8d69071c17fe6dd2442f032
  languageName: node
  linkType: hard

"ecdsa-sig-formatter@npm:1.0.11":
  version: 1.0.11
  resolution: "ecdsa-sig-formatter@npm:1.0.11"
  dependencies:
    safe-buffer: "npm:^5.0.1"
  checksum: 10c0/ebfbf19d4b8be938f4dd4a83b8788385da353d63307ede301a9252f9f7f88672e76f2191618fd8edfc2f24679236064176fab0b78131b161ee73daa37125408c
  languageName: node
  linkType: hard

"enabled@npm:2.0.x":
  version: 2.0.0
  resolution: "enabled@npm:2.0.0"
  checksum: 10c0/3b2c2af9bc7f8b9e291610f2dde4a75cf6ee52a68f4dd585482fbdf9a55d65388940e024e56d40bb03e05ef6671f5f53021fa8b72a20e954d7066ec28166713f
  languageName: node
  linkType: hard

"fecha@npm:^4.2.0":
  version: 4.2.3
  resolution: "fecha@npm:4.2.3"
  checksum: 10c0/0e895965959cf6a22bb7b00f0bf546f2783836310f510ddf63f463e1518d4c96dec61ab33fdfd8e79a71b4856a7c865478ce2ee8498d560fe125947703c9b1cf
  languageName: node
  linkType: hard

"fn.name@npm:1.x.x":
  version: 1.1.0
  resolution: "fn.name@npm:1.1.0"
  checksum: 10c0/8ad62aa2d4f0b2a76d09dba36cfec61c540c13a0fd72e5d94164e430f987a7ce6a743112bbeb14877c810ef500d1f73d7f56e76d029d2e3413f20d79e3460a9a
  languageName: node
  linkType: hard

"indent-string@npm:^4.0.0":
  version: 4.0.0
  resolution: "indent-string@npm:4.0.0"
  checksum: 10c0/1e1904ddb0cb3d6cce7cd09e27a90184908b7a5d5c21b92e232c93579d314f0b83c246ffb035493d0504b1e9147ba2c9b21df0030f48673fba0496ecd698161f
  languageName: node
  linkType: hard

"inherits@npm:^2.0.3":
  version: 2.0.4
  resolution: "inherits@npm:2.0.4"
  checksum: 10c0/4e531f648b29039fb7426fb94075e6545faa1eb9fe83c29f0b6d9e7263aceb4289d2d4557db0d428188eeb449cc7c5e77b0a0b2c4e248ff2a65933a0dee49ef2
  languageName: node
  linkType: hard

"is-arrayish@npm:^0.3.1":
  version: 0.3.2
  resolution: "is-arrayish@npm:0.3.2"
  checksum: 10c0/f59b43dc1d129edb6f0e282595e56477f98c40278a2acdc8b0a5c57097c9eff8fe55470493df5775478cf32a4dc8eaf6d3a749f07ceee5bc263a78b2434f6a54
  languageName: node
  linkType: hard

"is-stream@npm:^2.0.0":
  version: 2.0.1
  resolution: "is-stream@npm:2.0.1"
  checksum: 10c0/7c284241313fc6efc329b8d7f08e16c0efeb6baab1b4cd0ba579eb78e5af1aa5da11e68559896a2067cd6c526bd29241dda4eb1225e627d5aa1a89a76d4635a5
  languageName: node
  linkType: hard

"jsonwebtoken@npm:^9.0.2":
  version: 9.0.2
  resolution: "jsonwebtoken@npm:9.0.2"
  dependencies:
    jws: "npm:^3.2.2"
    lodash.includes: "npm:^4.3.0"
    lodash.isboolean: "npm:^3.0.3"
    lodash.isinteger: "npm:^4.0.4"
    lodash.isnumber: "npm:^3.0.3"
    lodash.isplainobject: "npm:^4.0.6"
    lodash.isstring: "npm:^4.0.1"
    lodash.once: "npm:^4.0.0"
    ms: "npm:^2.1.1"
    semver: "npm:^7.5.4"
  checksum: 10c0/d287a29814895e866db2e5a0209ce730cbc158441a0e5a70d5e940eb0d28ab7498c6bf45029cc8b479639bca94056e9a7f254e2cdb92a2f5750c7f358657a131
  languageName: node
  linkType: hard

"jwa@npm:^1.4.1":
  version: 1.4.1
  resolution: "jwa@npm:1.4.1"
  dependencies:
    buffer-equal-constant-time: "npm:1.0.1"
    ecdsa-sig-formatter: "npm:1.0.11"
    safe-buffer: "npm:^5.0.1"
  checksum: 10c0/5c533540bf38702e73cf14765805a94027c66a0aa8b16bc3e89d8d905e61a4ce2791e87e21be97d1293a5ee9d4f3e5e47737e671768265ca4f25706db551d5e9
  languageName: node
  linkType: hard

"jws@npm:^3.2.2":
  version: 3.2.2
  resolution: "jws@npm:3.2.2"
  dependencies:
    jwa: "npm:^1.4.1"
    safe-buffer: "npm:^5.0.1"
  checksum: 10c0/e770704533d92df358adad7d1261fdecad4d7b66fa153ba80d047e03ca0f1f73007ce5ed3fbc04d2eba09ba6e7e6e645f351e08e5ab51614df1b0aa4f384dfff
  languageName: node
  linkType: hard

"kuler@npm:^2.0.0":
  version: 2.0.0
  resolution: "kuler@npm:2.0.0"
  checksum: 10c0/0a4e99d92ca373f8f74d1dc37931909c4d0d82aebc94cf2ba265771160fc12c8df34eaaac80805efbda367e2795cb1f1dd4c3d404b6b1cf38aec94035b503d2d
  languageName: node
  linkType: hard

"libsodium-wrappers@npm:^0.7.11":
  version: 0.7.13
  resolution: "libsodium-wrappers@npm:0.7.13"
  dependencies:
    libsodium: "npm:^0.7.13"
  checksum: 10c0/3de2c09a41991832333b379f4eefadd3113abb216c5be8d141eb053bbe904a4d529c01a4bbb8f46c1e2a987c3de1fb9adbb0cf7980155822e06504a38dc16cbb
  languageName: node
  linkType: hard

"libsodium@npm:^0.7.13":
  version: 0.7.13
  resolution: "libsodium@npm:0.7.13"
  checksum: 10c0/91a65df81e123d8374b1dcfc1214970203139b4ac75c8032cc2ca390c6173f456d15dbdbf8b79115337086fc2f5a3faa8f96625d909a788125b6ead5894cd5f5
  languageName: node
  linkType: hard

"lodash.includes@npm:^4.3.0":
  version: 4.3.0
  resolution: "lodash.includes@npm:4.3.0"
  checksum: 10c0/7ca498b9b75bf602d04e48c0adb842dfc7d90f77bcb2a91a2b2be34a723ad24bc1c8b3683ec6b2552a90f216c723cdea530ddb11a3320e08fa38265703978f4b
  languageName: node
  linkType: hard

"lodash.isboolean@npm:^3.0.3":
  version: 3.0.3
  resolution: "lodash.isboolean@npm:3.0.3"
  checksum: 10c0/0aac604c1ef7e72f9a6b798e5b676606042401dd58e49f051df3cc1e3adb497b3d7695635a5cbec4ae5f66456b951fdabe7d6b387055f13267cde521f10ec7f7
  languageName: node
  linkType: hard

"lodash.isinteger@npm:^4.0.4":
  version: 4.0.4
  resolution: "lodash.isinteger@npm:4.0.4"
  checksum: 10c0/4c3e023a2373bf65bf366d3b8605b97ec830bca702a926939bcaa53f8e02789b6a176e7f166b082f9365bfec4121bfeb52e86e9040cb8d450e64c858583f61b7
  languageName: node
  linkType: hard

"lodash.isnumber@npm:^3.0.3":
  version: 3.0.3
  resolution: "lodash.isnumber@npm:3.0.3"
  checksum: 10c0/2d01530513a1ee4f72dd79528444db4e6360588adcb0e2ff663db2b3f642d4bb3d687051ae1115751ca9082db4fdef675160071226ca6bbf5f0c123dbf0aa12d
  languageName: node
  linkType: hard

"lodash.isplainobject@npm:^4.0.6":
  version: 4.0.6
  resolution: "lodash.isplainobject@npm:4.0.6"
  checksum: 10c0/afd70b5c450d1e09f32a737bed06ff85b873ecd3d3d3400458725283e3f2e0bb6bf48e67dbe7a309eb371a822b16a26cca4a63c8c52db3fc7dc9d5f9dd324cbb
  languageName: node
  linkType: hard

"lodash.isstring@npm:^4.0.1":
  version: 4.0.1
  resolution: "lodash.isstring@npm:4.0.1"
  checksum: 10c0/09eaf980a283f9eef58ef95b30ec7fee61df4d6bf4aba3b5f096869cc58f24c9da17900febc8ffd67819b4e29de29793190e88dc96983db92d84c95fa85d1c92
  languageName: node
  linkType: hard

"lodash.once@npm:^4.0.0":
  version: 4.1.1
  resolution: "lodash.once@npm:4.1.1"
  checksum: 10c0/46a9a0a66c45dd812fcc016e46605d85ad599fe87d71a02f6736220554b52ffbe82e79a483ad40f52a8a95755b0d1077fba259da8bfb6694a7abbf4a48f1fc04
  languageName: node
  linkType: hard

"logform@npm:^2.3.2, logform@npm:^2.4.0":
  version: 2.6.0
  resolution: "logform@npm:2.6.0"
  dependencies:
    "@colors/colors": "npm:1.6.0"
    "@types/triple-beam": "npm:^1.3.2"
    fecha: "npm:^4.2.0"
    ms: "npm:^2.1.1"
    safe-stable-stringify: "npm:^2.3.1"
    triple-beam: "npm:^1.3.0"
  checksum: 10c0/6e02f8617a03155b2fce451bacf777a2c01da16d32c4c745b3ec85be6c3f2602f2a4953a8bd096441cb4c42c447b52318541d6b6bc335dce903cb9ad77a1749f
  languageName: node
  linkType: hard

"lru-cache@npm:^10.0.0":
  version: 10.2.0
  resolution: "lru-cache@npm:10.2.0"
  checksum: 10c0/c9847612aa2daaef102d30542a8d6d9b2c2bb36581c1bf0dc3ebf5e5f3352c772a749e604afae2e46873b930a9e9523743faac4e5b937c576ab29196774712ee
  languageName: node
  linkType: hard

"lru-cache@npm:^6.0.0":
  version: 6.0.0
  resolution: "lru-cache@npm:6.0.0"
  dependencies:
    yallist: "npm:^4.0.0"
  checksum: 10c0/cb53e582785c48187d7a188d3379c181b5ca2a9c78d2bce3e7dee36f32761d1c42983da3fe12b55cb74e1779fa94cdc2e5367c028a9b35317184ede0c07a30a9
  languageName: node
  linkType: hard

"ms@npm:^2.1.1":
  version: 2.1.3
  resolution: "ms@npm:2.1.3"
  checksum: 10c0/d924b57e7312b3b63ad21fc5b3dc0af5e78d61a1fc7cfb5457edaf26326bf62be5307cc87ffb6862ef1c2b33b0233cdb5d4f01c4c958cc0d660948b65a287a48
  languageName: node
  linkType: hard

"octokit-plugin-create-pull-request@npm:^5.0.0":
  version: 5.1.1
  resolution: "octokit-plugin-create-pull-request@npm:5.1.1"
  dependencies:
    "@octokit/types": "npm:^8.0.0"
  checksum: 10c0/cec36b5d69cd362ff44eacb1bc0c55a0631147fac4a218a4b922191e4bc38465f08e844bc4d936cd8c036a444fa8944a609920062bb448fc7bb2cd3b8270a3c6
  languageName: node
  linkType: hard

"octokit@npm:^3.0.0":
  version: 3.1.2
  resolution: "octokit@npm:3.1.2"
  dependencies:
    "@octokit/app": "npm:^14.0.2"
    "@octokit/core": "npm:^5.0.0"
    "@octokit/oauth-app": "npm:^6.0.0"
    "@octokit/plugin-paginate-graphql": "npm:^4.0.0"
    "@octokit/plugin-paginate-rest": "npm:^9.0.0"
    "@octokit/plugin-rest-endpoint-methods": "npm:^10.0.0"
    "@octokit/plugin-retry": "npm:^6.0.0"
    "@octokit/plugin-throttling": "npm:^8.0.0"
    "@octokit/request-error": "npm:^5.0.0"
    "@octokit/types": "npm:^12.0.0"
  checksum: 10c0/8d9b1847c1c5295fed2b9ea574213ae55f9a12d75913bc77575f48382b8d1998446adeea32095d4866591b224678b0ffa4b6c8ccdb2c4dcd2ec679033a1dc696
  languageName: node
  linkType: hard

"once@npm:^1.4.0":
  version: 1.4.0
  resolution: "once@npm:1.4.0"
  dependencies:
    wrappy: "npm:1"
  checksum: 10c0/5d48aca287dfefabd756621c5dfce5c91a549a93e9fdb7b8246bc4c4790aa2ec17b34a260530474635147aeb631a2dcc8b32c613df0675f96041cbb8244517d0
  languageName: node
  linkType: hard

"one-time@npm:^1.0.0":
  version: 1.0.0
  resolution: "one-time@npm:1.0.0"
  dependencies:
    fn.name: "npm:1.x.x"
  checksum: 10c0/6e4887b331edbb954f4e915831cbec0a7b9956c36f4feb5f6de98c448ac02ff881fd8d9b55a6b1b55030af184c6b648f340a76eb211812f4ad8c9b4b8692fdaa
  languageName: node
  linkType: hard

"readable-stream@npm:^3.4.0, readable-stream@npm:^3.6.0":
  version: 3.6.2
  resolution: "readable-stream@npm:3.6.2"
  dependencies:
    inherits: "npm:^2.0.3"
    string_decoder: "npm:^1.1.1"
    util-deprecate: "npm:^1.0.1"
  checksum: 10c0/e37be5c79c376fdd088a45fa31ea2e423e5d48854be7a22a58869b4e84d25047b193f6acb54f1012331e1bcd667ffb569c01b99d36b0bd59658fb33f513511b7
  languageName: node
  linkType: hard

"safe-buffer@npm:^5.0.1, safe-buffer@npm:~5.2.0":
  version: 5.2.1
  resolution: "safe-buffer@npm:5.2.1"
  checksum: 10c0/6501914237c0a86e9675d4e51d89ca3c21ffd6a31642efeba25ad65720bce6921c9e7e974e5be91a786b25aa058b5303285d3c15dbabf983a919f5f630d349f3
  languageName: node
  linkType: hard

"safe-stable-stringify@npm:^2.3.1":
  version: 2.4.3
  resolution: "safe-stable-stringify@npm:2.4.3"
  checksum: 10c0/81dede06b8f2ae794efd868b1e281e3c9000e57b39801c6c162267eb9efda17bd7a9eafa7379e1f1cacd528d4ced7c80d7460ad26f62ada7c9e01dec61b2e768
  languageName: node
  linkType: hard

"semver@npm:^7.5.4":
  version: 7.6.0
  resolution: "semver@npm:7.6.0"
  dependencies:
    lru-cache: "npm:^6.0.0"
  bin:
    semver: bin/semver.js
  checksum: 10c0/fbfe717094ace0aa8d6332d7ef5ce727259815bd8d8815700853f4faf23aacbd7192522f0dc5af6df52ef4fa85a355ebd2f5d39f554bd028200d6cf481ab9b53
  languageName: node
  linkType: hard

"simple-swizzle@npm:^0.2.2":
  version: 0.2.2
  resolution: "simple-swizzle@npm:0.2.2"
  dependencies:
    is-arrayish: "npm:^0.3.1"
  checksum: 10c0/df5e4662a8c750bdba69af4e8263c5d96fe4cd0f9fe4bdfa3cbdeb45d2e869dff640beaaeb1ef0e99db4d8d2ec92f85508c269f50c972174851bc1ae5bd64308
  languageName: node
  linkType: hard

"stack-trace@npm:0.0.x":
  version: 0.0.10
  resolution: "stack-trace@npm:0.0.10"
  checksum: 10c0/9ff3dabfad4049b635a85456f927a075c9d0c210e3ea336412d18220b2a86cbb9b13ec46d6c37b70a302a4ea4d49e30e5d4944dd60ae784073f1cde778ac8f4b
  languageName: node
  linkType: hard

"string_decoder@npm:^1.1.1":
  version: 1.3.0
  resolution: "string_decoder@npm:1.3.0"
  dependencies:
    safe-buffer: "npm:~5.2.0"
  checksum: 10c0/810614ddb030e271cd591935dcd5956b2410dd079d64ff92a1844d6b7588bf992b3e1b69b0f4d34a3e06e0bd73046ac646b5264c1987b20d0601f81ef35d731d
  languageName: node
  linkType: hard

"text-hex@npm:1.0.x":
  version: 1.0.0
  resolution: "text-hex@npm:1.0.0"
  checksum: 10c0/57d8d320d92c79d7c03ffb8339b825bb9637c2cbccf14304309f51d8950015c44464b6fd1b6820a3d4821241c68825634f09f5a2d9d501e84f7c6fd14376860d
  languageName: node
  linkType: hard

"triple-beam@npm:^1.3.0":
  version: 1.4.1
  resolution: "triple-beam@npm:1.4.1"
  checksum: 10c0/4bf1db71e14fe3ff1c3adbe3c302f1fdb553b74d7591a37323a7badb32dc8e9c290738996cbb64f8b10dc5a3833645b5d8c26221aaaaa12e50d1251c9aba2fea
  languageName: node
  linkType: hard

"undici-types@npm:~5.26.4":
  version: 5.26.5
  resolution: "undici-types@npm:5.26.5"
  checksum: 10c0/bb673d7876c2d411b6eb6c560e0c571eef4a01c1c19925175d16e3a30c4c428181fb8d7ae802a261f283e4166a0ac435e2f505743aa9e45d893f9a3df017b501
  languageName: node
  linkType: hard

"universal-github-app-jwt@npm:^1.1.2":
  version: 1.1.2
  resolution: "universal-github-app-jwt@npm:1.1.2"
  dependencies:
    "@types/jsonwebtoken": "npm:^9.0.0"
    jsonwebtoken: "npm:^9.0.2"
  checksum: 10c0/061d2a52c25f0a09a5ae40167e6006ba89510df9934070996d8ca3019afd34f7f28fbb74a93d1627beb4209faf04ec9173f0dc9ff351ee2ec42ab76cff389a80
  languageName: node
  linkType: hard

"universal-user-agent@npm:^6.0.0":
  version: 6.0.1
  resolution: "universal-user-agent@npm:6.0.1"
  checksum: 10c0/5c9c46ffe19a975e11e6443640ed4c9e0ce48fcc7203325757a8414ac49940ebb0f4667f2b1fa561489d1eb22cb2d05a0f7c82ec20c5cba42e58e188fb19b187
  languageName: node
  linkType: hard

"util-deprecate@npm:^1.0.1":
  version: 1.0.2
  resolution: "util-deprecate@npm:1.0.2"
  checksum: 10c0/41a5bdd214df2f6c3ecf8622745e4a366c4adced864bc3c833739791aeeeb1838119af7daed4ba36428114b5c67dcda034a79c882e97e43c03e66a4dd7389942
  languageName: node
  linkType: hard

"winston-transport@npm:^4.7.0":
  version: 4.7.0
  resolution: "winston-transport@npm:4.7.0"
  dependencies:
    logform: "npm:^2.3.2"
    readable-stream: "npm:^3.6.0"
    triple-beam: "npm:^1.3.0"
  checksum: 10c0/cd16f3d0ab56697f93c4899e0eb5f89690f291bb6cf309194819789326a7c7ed943ef00f0b2fab513b114d371314368bde1a7ae6252ad1516181a79f90199cd2
  languageName: node
  linkType: hard

"winston@npm:^3.2.1":
  version: 3.12.0
  resolution: "winston@npm:3.12.0"
  dependencies:
    "@colors/colors": "npm:^1.6.0"
    "@dabh/diagnostics": "npm:^2.0.2"
    async: "npm:^3.2.3"
    is-stream: "npm:^2.0.0"
    logform: "npm:^2.4.0"
    one-time: "npm:^1.0.0"
    readable-stream: "npm:^3.4.0"
    safe-stable-stringify: "npm:^2.3.1"
    stack-trace: "npm:0.0.x"
    triple-beam: "npm:^1.3.0"
    winston-transport: "npm:^4.7.0"
  checksum: 10c0/f86e4eebc409bcdfcda7cd2b262f2be81c21715c6222381b94bb48795b881da4ed54e060fa57824c7df2bf0d2bd2a04fc9cc061070a8f2cdbfc39951a85a3fa8
  languageName: node
  linkType: hard

"wrappy@npm:1":
  version: 1.0.2
  resolution: "wrappy@npm:1.0.2"
  checksum: 10c0/56fece1a4018c6a6c8e28fbc88c87e0fbf4ea8fd64fc6c63b18f4acc4bd13e0ad2515189786dd2c30d3eec9663d70f4ecf699330002f8ccb547e4a18231fc9f0
  languageName: node
  linkType: hard

"yallist@npm:^4.0.0":
  version: 4.0.0
  resolution: "yallist@npm:4.0.0"
  checksum: 10c0/2286b5e8dbfe22204ab66e2ef5cc9bbb1e55dfc873bbe0d568aa943eb255d131890dfd5bf243637273d31119b870f49c18fcde2c6ffbb7a7a092b870dc90625a
  languageName: node
  linkType: hard

"yaml@npm:^2.0.0":
  version: 2.4.0
  resolution: "yaml@npm:2.4.0"
  bin:
    yaml: bin.mjs
  checksum: 10c0/97ab0b5a0714c92e4dd75120a6a63e470b0adc282afae0a701bf38f8c42cbf6429fcd6aca883e3a63c68936ab841862e6c69e2d66d355c3e4fc7cfd346af2108
  languageName: node
  linkType: hard
