# This file is generated by running "yarn install" inside your project.
# Manual changes might be lost - proceed with caution!

__metadata:
  version: 6
  cacheKey: 8

"@octokit/app@npm:^14.0.2":
  version: 14.1.0
  resolution: "@octokit/app@npm:14.1.0"
  dependencies:
    "@octokit/auth-app": ^6.0.0
    "@octokit/auth-unauthenticated": ^5.0.0
    "@octokit/core": ^5.0.0
    "@octokit/oauth-app": ^6.0.0
    "@octokit/plugin-paginate-rest": ^9.0.0
    "@octokit/types": ^12.0.0
    "@octokit/webhooks": ^12.0.4
  checksum: 2a27ea831d0367b07f3c4109bbc840c7ae7d5a52d3129593cd867364794eb51b16b0fc308b116a89af9a2f19553c72346e03dd07b952e82c222ed1e7880dfcac
  languageName: node
  linkType: hard

"@octokit/auth-app@npm:^6.0.0":
  version: 6.1.3
  resolution: "@octokit/auth-app@npm:6.1.3"
  dependencies:
    "@octokit/auth-oauth-app": ^7.1.0
    "@octokit/auth-oauth-user": ^4.1.0
    "@octokit/request": ^8.3.1
    "@octokit/request-error": ^5.1.0
    "@octokit/types": ^13.1.0
    deprecation: ^2.3.1
    lru-cache: "npm:@wolfy1339/lru-cache@^11.0.2-patch.1"
    universal-github-app-jwt: ^1.1.2
    universal-user-agent: ^6.0.0
  checksum: 997a4abd2b85b3751d63034b38ecbf8b711ee212f99df32586812e8e99637fc29f50e051f51c1dec04e0f8de3f9cb8c722c65eb1890e02b6b3e3f6dc1323fa93
  languageName: node
  linkType: hard

"@octokit/auth-oauth-app@npm:^7.0.0, @octokit/auth-oauth-app@npm:^7.1.0":
  version: 7.1.0
  resolution: "@octokit/auth-oauth-app@npm:7.1.0"
  dependencies:
    "@octokit/auth-oauth-device": ^6.1.0
    "@octokit/auth-oauth-user": ^4.1.0
    "@octokit/request": ^8.3.1
    "@octokit/types": ^13.0.0
    "@types/btoa-lite": ^1.0.0
    btoa-lite: ^1.0.0
    universal-user-agent: ^6.0.0
  checksum: 021e13c138279e9edd7d6dcdc484a2658ae07b834ec3f5f41158e3870b3413deb09024408d1615731c960243ba710ca638a868dcd2583f7eb80fa6204b70657b
  languageName: node
  linkType: hard

"@octokit/auth-oauth-device@npm:^6.1.0":
  version: 6.1.0
  resolution: "@octokit/auth-oauth-device@npm:6.1.0"
  dependencies:
    "@octokit/oauth-methods": ^4.1.0
    "@octokit/request": ^8.3.1
    "@octokit/types": ^13.0.0
    universal-user-agent: ^6.0.0
  checksum: 2824f74ea5eca3d8da9793f463ebca725c8a13a241085015f96f037771ef3e5fa82d5842f538353c683b709d8d32ccd481bfc0ba8cbcde708916ea95a78dd0d2
  languageName: node
  linkType: hard

"@octokit/auth-oauth-user@npm:^4.0.0, @octokit/auth-oauth-user@npm:^4.1.0":
  version: 4.1.0
  resolution: "@octokit/auth-oauth-user@npm:4.1.0"
  dependencies:
    "@octokit/auth-oauth-device": ^6.1.0
    "@octokit/oauth-methods": ^4.1.0
    "@octokit/request": ^8.3.1
    "@octokit/types": ^13.0.0
    btoa-lite: ^1.0.0
    universal-user-agent: ^6.0.0
  checksum: 581197a427c1ef153350e46de7315c9da1a98904b67e5e13aed88d36e334d95d869f8f12a35ed70d7232c6afd6d3912200988e41959e30c83f880d072ee8b8ba
  languageName: node
  linkType: hard

"@octokit/auth-token@npm:^4.0.0":
  version: 4.0.0
  resolution: "@octokit/auth-token@npm:4.0.0"
  checksum: d78f4dc48b214d374aeb39caec4fdbf5c1e4fd8b9fcb18f630b1fe2cbd5a880fca05445f32b4561f41262cb551746aeb0b49e89c95c6dd99299706684d0cae2f
  languageName: node
  linkType: hard

"@octokit/auth-unauthenticated@npm:^5.0.0":
  version: 5.0.1
  resolution: "@octokit/auth-unauthenticated@npm:5.0.1"
  dependencies:
    "@octokit/request-error": ^5.0.0
    "@octokit/types": ^12.0.0
  checksum: b6eed1fc15d47f45411c0229dd6613dd8fd4b79afbac23b8c47818da692a35d54f57e088294d9b71ce4dcc0f58ce0c77d12cd2700370d87770059248b9a8fbba
  languageName: node
  linkType: hard

"@octokit/core@npm:^5.0.0":
  version: 5.2.0
  resolution: "@octokit/core@npm:5.2.0"
  dependencies:
    "@octokit/auth-token": ^4.0.0
    "@octokit/graphql": ^7.1.0
    "@octokit/request": ^8.3.1
    "@octokit/request-error": ^5.1.0
    "@octokit/types": ^13.0.0
    before-after-hook: ^2.2.0
    universal-user-agent: ^6.0.0
  checksum: 57d5f02b759b569323dcb76cc72bf94ea7d0de58638c118ee14ec3e37d303c505893137dd72918328794844f35c74b3cd16999319c4b40d410a310d44a9b7566
  languageName: node
  linkType: hard

"@octokit/endpoint@npm:^9.0.1":
  version: 9.0.5
  resolution: "@octokit/endpoint@npm:9.0.5"
  dependencies:
    "@octokit/types": ^13.1.0
    universal-user-agent: ^6.0.0
  checksum: d5cc2df9bd4603844c163eea05eec89c677cfe699c6f065fe86b83123e34554ec16d429e8142dec1e2b4cf56591ef0ce5b1763f250c87bc8e7bf6c74ba59ae82
  languageName: node
  linkType: hard

"@octokit/graphql@npm:^7.1.0":
  version: 7.1.0
  resolution: "@octokit/graphql@npm:7.1.0"
  dependencies:
    "@octokit/request": ^8.3.0
    "@octokit/types": ^13.0.0
    universal-user-agent: ^6.0.0
  checksum: 7b2706796e0269fc033ed149ea211117bcacf53115fd142c1eeafc06ebc5b6290e4e48c03d6276c210d72e3695e8598f83caac556cd00714fc1f8e4707d77448
  languageName: node
  linkType: hard

"@octokit/oauth-app@npm:^6.0.0":
  version: 6.1.0
  resolution: "@octokit/oauth-app@npm:6.1.0"
  dependencies:
    "@octokit/auth-oauth-app": ^7.0.0
    "@octokit/auth-oauth-user": ^4.0.0
    "@octokit/auth-unauthenticated": ^5.0.0
    "@octokit/core": ^5.0.0
    "@octokit/oauth-authorization-url": ^6.0.2
    "@octokit/oauth-methods": ^4.0.0
    "@types/aws-lambda": ^8.10.83
    universal-user-agent: ^6.0.0
  checksum: 4759ef41624928efee484802e3a6280d7a92205f435e0d299bc4b1e39661427d7f9ec33ef0d752dd6ee665e37d4afa81c8a6aea10ba53b8eb7da66167b0c52d4
  languageName: node
  linkType: hard

"@octokit/oauth-authorization-url@npm:^6.0.2":
  version: 6.0.2
  resolution: "@octokit/oauth-authorization-url@npm:6.0.2"
  checksum: 0f11169a3eeb782cc08312c923de1a702b25ae033b972ba40380b6d72cb3f684543c8b6a5cf6f05936fdc6b8892070d4f7581138d8efc1b4c4a55ae6d7762327
  languageName: node
  linkType: hard

"@octokit/oauth-methods@npm:^4.0.0, @octokit/oauth-methods@npm:^4.1.0":
  version: 4.1.0
  resolution: "@octokit/oauth-methods@npm:4.1.0"
  dependencies:
    "@octokit/oauth-authorization-url": ^6.0.2
    "@octokit/request": ^8.3.1
    "@octokit/request-error": ^5.1.0
    "@octokit/types": ^13.0.0
    btoa-lite: ^1.0.0
  checksum: 2ca42f054a3b92f6f3fa9a984df7d75cc8c1f19aba5f6fc9636499dde3a8031e33148cbc936cace103b1eb7fe79d978aee7077aa6f69e0dd996ee345a10f2aa4
  languageName: node
  linkType: hard

"@octokit/openapi-types@npm:^14.0.0":
  version: 14.0.0
  resolution: "@octokit/openapi-types@npm:14.0.0"
  checksum: 0a1f8f3be998cd82c5a640e9166d43fd183b33d5d36f5e1a9b81608e94d0da87c01ec46c9988f69cd26585d4e2ffc4d3ec99ee4f75e5fe997fc86dad0aa8293c
  languageName: node
  linkType: hard

"@octokit/openapi-types@npm:^18.0.0":
  version: 18.1.1
  resolution: "@octokit/openapi-types@npm:18.1.1"
  checksum: 94f42977fd2fcb9983c781fd199bc11218885a1226d492680bfb1268524a1b2af48a768eef90c63b80a2874437de641d59b3b7f640a5afa93e7c21fe1a79069a
  languageName: node
  linkType: hard

"@octokit/openapi-types@npm:^20.0.0":
  version: 20.0.0
  resolution: "@octokit/openapi-types@npm:20.0.0"
  checksum: 23ff7613750f8b5790a0cbed5a2048728a7909e50d726932831044908357a932c7fc0613fb7b86430a49d31b3d03a180632ea5dd936535bfbc1176391a199e96
  languageName: node
  linkType: hard

"@octokit/openapi-types@npm:^22.2.0":
  version: 22.2.0
  resolution: "@octokit/openapi-types@npm:22.2.0"
  checksum: eca41feac2b83298e0d95e253ac1c5b6d65155ac57f65c5fd8d4a485d9728922d85ff4bee0e815a1f3a5421311db092bdb6da9d6104a1b1843d8b274bcad9630
  languageName: node
  linkType: hard

"@octokit/plugin-paginate-graphql@npm:^4.0.0":
  version: 4.0.1
  resolution: "@octokit/plugin-paginate-graphql@npm:4.0.1"
  peerDependencies:
    "@octokit/core": ">=5"
  checksum: 109d895303d39c1ba362a260c71202f3c92798faa4f4e05638023685b5ac9191cee61759ea0eee43b9ce945cf8c52aebf2dbd54c392165e86448d6421e97b0f5
  languageName: node
  linkType: hard

"@octokit/plugin-paginate-rest@npm:11.3.1":
  version: 11.3.1
  resolution: "@octokit/plugin-paginate-rest@npm:11.3.1"
  dependencies:
    "@octokit/types": ^13.5.0
  peerDependencies:
    "@octokit/core": 5
  checksum: 42c7c08e7287b4b85d2ae47852d2ffeb238c134ad6bcff18bddc154b15f6bec31778816c0763181401c370198390db7f6b0c3c44750fdfeec459594f7f4b5933
  languageName: node
  linkType: hard

"@octokit/plugin-paginate-rest@npm:^9.0.0":
  version: 9.2.1
  resolution: "@octokit/plugin-paginate-rest@npm:9.2.1"
  dependencies:
    "@octokit/types": ^12.6.0
  peerDependencies:
    "@octokit/core": 5
  checksum: 554ad17a7dcfd7028e321ffcae233f8ae7975569084f19d9b6217b47fb182e2604145108de7a9029777e6dc976b27b2dd7387e2e47a77532a72e6c195880576d
  languageName: node
  linkType: hard

"@octokit/plugin-rest-endpoint-methods@npm:13.2.2":
  version: 13.2.2
  resolution: "@octokit/plugin-rest-endpoint-methods@npm:13.2.2"
  dependencies:
    "@octokit/types": ^13.5.0
  peerDependencies:
    "@octokit/core": ^5
  checksum: 347b3a891a561ed1dcc307a2dce42ca48c318c465ad91a26225d3d6493aef1b7ff868e6c56a0d7aa4170d028c7429ca1ec52aed6be34615a6ed701c3bcafdb17
  languageName: node
  linkType: hard

"@octokit/plugin-retry@npm:^6.0.0":
  version: 6.0.1
  resolution: "@octokit/plugin-retry@npm:6.0.1"
  dependencies:
    "@octokit/request-error": ^5.0.0
    "@octokit/types": ^12.0.0
    bottleneck: ^2.15.3
  peerDependencies:
    "@octokit/core": ">=5"
  checksum: 9c8663b5257cf4fa04cc737c064e9557501719d6d3af7cf8f46434a2117e1cf4b8d25d9eb4294ed255ad17a0ede853542649870612733f4b8ece97e24e391d22
  languageName: node
  linkType: hard

"@octokit/plugin-throttling@npm:^8.0.0":
  version: 8.2.0
  resolution: "@octokit/plugin-throttling@npm:8.2.0"
  dependencies:
    "@octokit/types": ^12.2.0
    bottleneck: ^2.15.3
  peerDependencies:
    "@octokit/core": ^5.0.0
  checksum: 12c357175783bcd0feea454ece57f033928948a0555dc97c79675b56d2cc79043d2a5e28a7554d3531f1de13583634df3b48fb9609f79e8bb3adad92820bd807
  languageName: node
  linkType: hard

"@octokit/request-error@npm:^3.0.0":
  version: 3.0.3
  resolution: "@octokit/request-error@npm:3.0.3"
  dependencies:
    "@octokit/types": ^9.0.0
    deprecation: ^2.0.0
    once: ^1.4.0
  checksum: 5db0b514732686b627e6ed9ef1ccdbc10501f1b271a9b31f784783f01beee70083d7edcfeb35fbd7e569fa31fdd6762b1ff6b46101700d2d97e7e48e749520d0
  languageName: node
  linkType: hard

"@octokit/request-error@npm:^5.0.0, @octokit/request-error@npm:^5.1.0":
  version: 5.1.0
  resolution: "@octokit/request-error@npm:5.1.0"
  dependencies:
    "@octokit/types": ^13.1.0
    deprecation: ^2.0.0
    once: ^1.4.0
  checksum: 2cdbb8e44072323b5e1c8c385727af6700e3e492d55bc1e8d0549c4a3d9026914f915866323d371b1f1772326d6e902341c872679cc05c417ffc15cadf5f4a4e
  languageName: node
  linkType: hard

"@octokit/request@npm:^8.3.0, @octokit/request@npm:^8.3.1":
  version: 8.4.0
  resolution: "@octokit/request@npm:8.4.0"
  dependencies:
    "@octokit/endpoint": ^9.0.1
    "@octokit/request-error": ^5.1.0
    "@octokit/types": ^13.1.0
    universal-user-agent: ^6.0.0
  checksum: 3d937e817a85c0adf447ab46b428ccd702c31b2091e47adec90583ec2242bd64666306fe8188628fb139aa4752e19400eb7652b0f5ca33cd9e77bbb2c60b202a
  languageName: node
  linkType: hard

"@octokit/types@npm:^12.0.0, @octokit/types@npm:^12.2.0, @octokit/types@npm:^12.6.0":
  version: 12.6.0
  resolution: "@octokit/types@npm:12.6.0"
  dependencies:
    "@octokit/openapi-types": ^20.0.0
  checksum: 850235f425584499a2266d5c585c1c2462ae11e25c650567142f3342cb9ce589c8c8fed87705811ca93271fd28c68e1fa77b88b67b97015d7b63d269fa46ed05
  languageName: node
  linkType: hard

"@octokit/types@npm:^13.0.0, @octokit/types@npm:^13.1.0, @octokit/types@npm:^13.5.0":
  version: 13.6.1
  resolution: "@octokit/types@npm:13.6.1"
  dependencies:
    "@octokit/openapi-types": ^22.2.0
  checksum: 05bb427bc3c84088e2367b8d1b7a9834732116bb3d35ef51d1aae34b3919027159dd496b9362dab1cb047918da15be1dc1cafc512c97f9b77458bd273b5a2ba9
  languageName: node
  linkType: hard

"@octokit/types@npm:^8.0.0":
  version: 8.2.1
  resolution: "@octokit/types@npm:8.2.1"
  dependencies:
    "@octokit/openapi-types": ^14.0.0
  checksum: 92f2fe5ea8c4c6ddbb2363c74cd865c64e5753eaa4895bc925b5064390890b1441c5406015d8a92285f386cc7e6fe714c47fe4beda370fcda9177153299c9e37
  languageName: node
  linkType: hard

"@octokit/types@npm:^9.0.0":
  version: 9.3.2
  resolution: "@octokit/types@npm:9.3.2"
  dependencies:
    "@octokit/openapi-types": ^18.0.0
  checksum: f55d096aaed3e04b8308d4422104fb888f355988056ba7b7ef0a4c397b8a3e54290d7827b06774dbe0c9ce55280b00db486286954f9c265aa6b03091026d9da8
  languageName: node
  linkType: hard

"@octokit/webhooks-methods@npm:^3.0.0":
  version: 3.0.3
  resolution: "@octokit/webhooks-methods@npm:3.0.3"
  checksum: 1caccc8b27ad53bbb8e39cf3db98a3ef5abcec9f919024d7f89618a5156044c6585871cc97176ec63fb2503bfe6b6ca8e4a18313e1eaed1c0163b194a4dada09
  languageName: node
  linkType: hard

"@octokit/webhooks-methods@npm:^4.1.0":
  version: 4.1.0
  resolution: "@octokit/webhooks-methods@npm:4.1.0"
  checksum: 0ce67220156d554ae4bc6a7230ae62c0389b9bbee1f6d1077947e64645ee864f0702778e86427d59ae970176620753f54edb44665cedbeb9bc22b9348a074427
  languageName: node
  linkType: hard

"@octokit/webhooks-types@npm:6.11.0":
  version: 6.11.0
  resolution: "@octokit/webhooks-types@npm:6.11.0"
  checksum: af35ac7a3d8d95bf9906fb3a8f6075cf9cb10707c79444fa82df2d64596125f515a35a4995b4548b84ee042c7c1b1cc120e05ece4a197af541a52f154bf4bcce
  languageName: node
  linkType: hard

"@octokit/webhooks-types@npm:7.6.1":
  version: 7.6.1
  resolution: "@octokit/webhooks-types@npm:7.6.1"
  checksum: 5b3aa8e63c4eaf511e571dbd55868688cb2ec68c41f02238b4894336e2220fa19a723be83b6383621fbaa90695056a64533959a9cc6ffdbd27faa58b22e6ef51
  languageName: node
  linkType: hard

"@octokit/webhooks@npm:^10.9.2":
  version: 10.9.2
  resolution: "@octokit/webhooks@npm:10.9.2"
  dependencies:
    "@octokit/request-error": ^3.0.0
    "@octokit/webhooks-methods": ^3.0.0
    "@octokit/webhooks-types": 6.11.0
    aggregate-error: ^3.1.0
  checksum: 06ad79021adf9facff3937d387ed5949a2c42ef550401ce2b12df88816b2de30f5b868129a7af523c6036d18b76fb89d22c71d26223f1c2e07c40552f45f6387
  languageName: node
  linkType: hard

"@octokit/webhooks@npm:^12.0.4":
  version: 12.3.1
  resolution: "@octokit/webhooks@npm:12.3.1"
  dependencies:
    "@octokit/request-error": ^5.0.0
    "@octokit/webhooks-methods": ^4.1.0
    "@octokit/webhooks-types": 7.6.1
    aggregate-error: ^3.1.0
  checksum: 883be6e06a18e59884914f43818dc6249612401905b98c133e6e6f52f039fa5a65b420a2bdd7b2a7c248ada6b23504963fdd3685719a42798a40d838a832026f
  languageName: node
  linkType: hard

"@types/aws-lambda@npm:^8.10.83":
  version: 8.10.145
  resolution: "@types/aws-lambda@npm:8.10.145"
  checksum: 4beb4febe8eb7da3087e009b4d1df61de5e9a7336792424254ca1e24740e17ee701de21423a125dcd26afb499003557e717cc824e24c47c916d2de6b0c245482
  languageName: node
  linkType: hard

"@types/btoa-lite@npm:^1.0.0":
  version: 1.0.2
  resolution: "@types/btoa-lite@npm:1.0.2"
  checksum: 4c46b163c881a75522c7556dd7a7df8a0d4c680a45e8bac34e50864e1c2d9df8dc90b99f75199154c60ef2faff90896b7e5f11df6936c94167a3e5e1c6f4d935
  languageName: node
  linkType: hard

"@types/jsonwebtoken@npm:^9.0.0":
  version: 9.0.7
  resolution: "@types/jsonwebtoken@npm:9.0.7"
  dependencies:
    "@types/node": "*"
  checksum: 872b62e2a50ec399d695402ccddfeb5cd66a6c3d28511f27453b932b6b67eb82c2d0ecaa864939848b88b3a8276c2492647bf5707bc82a6ac7e420d3412b9047
  languageName: node
  linkType: hard

"@types/node@npm:*":
  version: 22.9.1
  resolution: "@types/node@npm:22.9.1"
  dependencies:
    undici-types: ~6.19.8
  checksum: dee25051e8d89f38b2b26c0714ce60acd1e3f9b1b946131ce3c6e64d626a134f1bec2d948f7ead3da0136aeb7672234f066f97f8290e6aead236e43f4ecb5a68
  languageName: node
  linkType: hard

"aggregate-error@npm:^3.1.0":
  version: 3.1.0
  resolution: "aggregate-error@npm:3.1.0"
  dependencies:
    clean-stack: ^2.0.0
    indent-string: ^4.0.0
  checksum: 1101a33f21baa27a2fa8e04b698271e64616b886795fd43c31068c07533c7b3facfcaf4e9e0cab3624bd88f729a592f1c901a1a229c9e490eafce411a8644b79
  languageName: node
  linkType: hard

"backstage-plugin-scaffolder-backend-module-github-dynamic@workspace:.":
  version: 0.0.0-use.local
  resolution: "backstage-plugin-scaffolder-backend-module-github-dynamic@workspace:."
  dependencies:
    "@octokit/webhooks": ^10.9.2
    libsodium-wrappers: ^0.7.11
    octokit: ^3.0.0
    octokit-plugin-create-pull-request: ^5.0.0
    yaml: ^2.0.0
  peerDependencies:
    "@backstage/backend-common": ^0.25.0
    "@backstage/backend-plugin-api": ^1.0.1
    "@backstage/catalog-client": ^1.7.1
    "@backstage/catalog-model": ^1.7.0
    "@backstage/config": ^1.2.0
    "@backstage/errors": ^1.2.4
    "@backstage/integration": ^1.15.1
    "@backstage/plugin-scaffolder-node": ^0.5.0
  languageName: unknown
  linkType: soft

"before-after-hook@npm:^2.2.0":
  version: 2.2.3
  resolution: "before-after-hook@npm:2.2.3"
  checksum: a1a2430976d9bdab4cd89cb50d27fa86b19e2b41812bf1315923b0cba03371ebca99449809226425dd3bcef20e010db61abdaff549278e111d6480034bebae87
  languageName: node
  linkType: hard

"bottleneck@npm:^2.15.3":
  version: 2.19.5
  resolution: "bottleneck@npm:2.19.5"
  checksum: c5eef1bbea12cef1f1405e7306e7d24860568b0f7ac5eeab706a86762b3fc65ef6d1c641c8a166e4db90f412fc5c948fc5ce8008a8cd3d28c7212ef9c3482bda
  languageName: node
  linkType: hard

"btoa-lite@npm:^1.0.0":
  version: 1.0.0
  resolution: "btoa-lite@npm:1.0.0"
  checksum: c2d61993b801f8e35a96f20692a45459c753d9baa29d86d1343e714f8d6bbe7069f1a20a5ae868488f3fb137d5bd0c560f6fbbc90b5a71050919d2d2c97c0475
  languageName: node
  linkType: hard

"buffer-equal-constant-time@npm:1.0.1":
  version: 1.0.1
  resolution: "buffer-equal-constant-time@npm:1.0.1"
  checksum: 80bb945f5d782a56f374b292770901065bad21420e34936ecbe949e57724b4a13874f735850dd1cc61f078773c4fb5493a41391e7bda40d1fa388d6bd80daaab
  languageName: node
  linkType: hard

"clean-stack@npm:^2.0.0":
  version: 2.2.0
  resolution: "clean-stack@npm:2.2.0"
  checksum: 2ac8cd2b2f5ec986a3c743935ec85b07bc174d5421a5efc8017e1f146a1cf5f781ae962618f416352103b32c9cd7e203276e8c28241bbe946160cab16149fb68
  languageName: node
  linkType: hard

"deprecation@npm:^2.0.0, deprecation@npm:^2.3.1":
  version: 2.3.1
  resolution: "deprecation@npm:2.3.1"
  checksum: f56a05e182c2c195071385455956b0c4106fe14e36245b00c689ceef8e8ab639235176a96977ba7c74afb173317fac2e0ec6ec7a1c6d1e6eaa401c586c714132
  languageName: node
  linkType: hard

"ecdsa-sig-formatter@npm:1.0.11":
  version: 1.0.11
  resolution: "ecdsa-sig-formatter@npm:1.0.11"
  dependencies:
    safe-buffer: ^5.0.1
  checksum: 207f9ab1c2669b8e65540bce29506134613dd5f122cccf1e6a560f4d63f2732d427d938f8481df175505aad94583bcb32c688737bb39a6df0625f903d6d93c03
  languageName: node
  linkType: hard

"indent-string@npm:^4.0.0":
  version: 4.0.0
  resolution: "indent-string@npm:4.0.0"
  checksum: 824cfb9929d031dabf059bebfe08cf3137365e112019086ed3dcff6a0a7b698cb80cf67ccccde0e25b9e2d7527aa6cc1fed1ac490c752162496caba3e6699612
  languageName: node
  linkType: hard

"jsonwebtoken@npm:^9.0.2":
  version: 9.0.2
  resolution: "jsonwebtoken@npm:9.0.2"
  dependencies:
    jws: ^3.2.2
    lodash.includes: ^4.3.0
    lodash.isboolean: ^3.0.3
    lodash.isinteger: ^4.0.4
    lodash.isnumber: ^3.0.3
    lodash.isplainobject: ^4.0.6
    lodash.isstring: ^4.0.1
    lodash.once: ^4.0.0
    ms: ^2.1.1
    semver: ^7.5.4
  checksum: fc739a6a8b33f1974f9772dca7f8493ca8df4cc31c5a09dcfdb7cff77447dcf22f4236fb2774ef3fe50df0abeb8e1c6f4c41eba82f500a804ab101e2fbc9d61a
  languageName: node
  linkType: hard

"jwa@npm:^1.4.1":
  version: 1.4.1
  resolution: "jwa@npm:1.4.1"
  dependencies:
    buffer-equal-constant-time: 1.0.1
    ecdsa-sig-formatter: 1.0.11
    safe-buffer: ^5.0.1
  checksum: ff30ea7c2dcc61f3ed2098d868bf89d43701605090c5b21b5544b512843ec6fd9e028381a4dda466cbcdb885c2d1150f7c62e7168394ee07941b4098e1035e2f
  languageName: node
  linkType: hard

"jws@npm:^3.2.2":
  version: 3.2.2
  resolution: "jws@npm:3.2.2"
  dependencies:
    jwa: ^1.4.1
    safe-buffer: ^5.0.1
  checksum: f0213fe5b79344c56cd443428d8f65c16bf842dc8cb8f5aed693e1e91d79c20741663ad6eff07a6d2c433d1831acc9814e8d7bada6a0471fbb91d09ceb2bf5c2
  languageName: node
  linkType: hard

"libsodium-wrappers@npm:^0.7.11":
  version: 0.7.15
  resolution: "libsodium-wrappers@npm:0.7.15"
  dependencies:
    libsodium: ^0.7.15
  checksum: 35bd4d4a4ced47ed69b0e1f1772651507a7224285d6487c4c0d9a5ab80e0daf2c225e069474d0cd640fcd4152608b51005fff8f107e12e04545a92e8db45e422
  languageName: node
  linkType: hard

"libsodium@npm:^0.7.15":
  version: 0.7.15
  resolution: "libsodium@npm:0.7.15"
  checksum: c641fee43415c8c516c531303439ab89cd1e72de56e3f9fd9e07f695a2cf0fe8f3095f6015db5e351ae4693a1ba50ac18cb19b3e0d241be0546b82319166abe0
  languageName: node
  linkType: hard

"lodash.includes@npm:^4.3.0":
  version: 4.3.0
  resolution: "lodash.includes@npm:4.3.0"
  checksum: 71092c130515a67ab3bd928f57f6018434797c94def7f46aafa417771e455ce3a4834889f4267b17887d7f75297dfabd96231bf704fd2b8c5096dc4a913568b6
  languageName: node
  linkType: hard

"lodash.isboolean@npm:^3.0.3":
  version: 3.0.3
  resolution: "lodash.isboolean@npm:3.0.3"
  checksum: b70068b4a8b8837912b54052557b21fc4774174e3512ed3c5b94621e5aff5eb6c68089d0a386b7e801d679cd105d2e35417978a5e99071750aa2ed90bffd0250
  languageName: node
  linkType: hard

"lodash.isinteger@npm:^4.0.4":
  version: 4.0.4
  resolution: "lodash.isinteger@npm:4.0.4"
  checksum: 6034821b3fc61a2ffc34e7d5644bb50c5fd8f1c0121c554c21ac271911ee0c0502274852845005f8651d51e199ee2e0cfebfe40aaa49c7fe617f603a8a0b1691
  languageName: node
  linkType: hard

"lodash.isnumber@npm:^3.0.3":
  version: 3.0.3
  resolution: "lodash.isnumber@npm:3.0.3"
  checksum: 913784275b565346255e6ae6a6e30b760a0da70abc29f3e1f409081585875105138cda4a429ff02577e1bc0a7ae2a90e0a3079a37f3a04c3d6c5aaa532f4cab2
  languageName: node
  linkType: hard

"lodash.isplainobject@npm:^4.0.6":
  version: 4.0.6
  resolution: "lodash.isplainobject@npm:4.0.6"
  checksum: 29c6351f281e0d9a1d58f1a4c8f4400924b4c79f18dfc4613624d7d54784df07efaff97c1ff2659f3e085ecf4fff493300adc4837553104cef2634110b0d5337
  languageName: node
  linkType: hard

"lodash.isstring@npm:^4.0.1":
  version: 4.0.1
  resolution: "lodash.isstring@npm:4.0.1"
  checksum: eaac87ae9636848af08021083d796e2eea3d02e80082ab8a9955309569cb3a463ce97fd281d7dc119e402b2e7d8c54a23914b15d2fc7fff56461511dc8937ba0
  languageName: node
  linkType: hard

"lodash.once@npm:^4.0.0":
  version: 4.1.1
  resolution: "lodash.once@npm:4.1.1"
  checksum: d768fa9f9b4e1dc6453be99b753906f58990e0c45e7b2ca5a3b40a33111e5d17f6edf2f768786e2716af90a8e78f8f91431ab8435f761fef00f9b0c256f6d245
  languageName: node
  linkType: hard

"lru-cache@npm:@wolfy1339/lru-cache@^11.0.2-patch.1":
  version: 11.0.2-patch.1
  resolution: "@wolfy1339/lru-cache@npm:11.0.2-patch.1"
  checksum: 60cc2839abbae0fa50152fde143da5ac1141773cefb3505602956074dfa358ec87e107987cad7fd2292768663855497160a2c1e449d7f4e8b4684fb08f89dc25
  languageName: node
  linkType: hard

"ms@npm:^2.1.1":
  version: 2.1.3
  resolution: "ms@npm:2.1.3"
  checksum: aa92de608021b242401676e35cfa5aa42dd70cbdc082b916da7fb925c542173e36bce97ea3e804923fe92c0ad991434e4a38327e15a1b5b5f945d66df615ae6d
  languageName: node
  linkType: hard

"octokit-plugin-create-pull-request@npm:^5.0.0":
  version: 5.1.1
  resolution: "octokit-plugin-create-pull-request@npm:5.1.1"
  dependencies:
    "@octokit/types": ^8.0.0
  checksum: bed96700c795868d1fc6a95d41c87b98c370d84421125b561c6b8632bb85bbb399a9fa6d35abb2c3d342e42f8b10032afb195470cac9b640161064b68d276d9e
  languageName: node
  linkType: hard

"octokit@npm:^3.0.0":
  version: 3.2.1
  resolution: "octokit@npm:3.2.1"
  dependencies:
    "@octokit/app": ^14.0.2
    "@octokit/core": ^5.0.0
    "@octokit/oauth-app": ^6.0.0
    "@octokit/plugin-paginate-graphql": ^4.0.0
    "@octokit/plugin-paginate-rest": 11.3.1
    "@octokit/plugin-rest-endpoint-methods": 13.2.2
    "@octokit/plugin-retry": ^6.0.0
    "@octokit/plugin-throttling": ^8.0.0
    "@octokit/request-error": ^5.0.0
    "@octokit/types": ^13.0.0
  checksum: e5608f848fb11808d0c977d946c24bffa622179daf8566c4941f6050551d368aa750b362a95aea14647facd0919e4af392c67b2409f8642dc9f27c7b6c0f964e
  languageName: node
  linkType: hard

"once@npm:^1.4.0":
  version: 1.4.0
  resolution: "once@npm:1.4.0"
  dependencies:
    wrappy: 1
  checksum: cd0a88501333edd640d95f0d2700fbde6bff20b3d4d9bdc521bdd31af0656b5706570d6c6afe532045a20bb8dc0849f8332d6f2a416e0ba6d3d3b98806c7db68
  languageName: node
  linkType: hard

"safe-buffer@npm:^5.0.1":
  version: 5.2.1
  resolution: "safe-buffer@npm:5.2.1"
  checksum: b99c4b41fdd67a6aaf280fcd05e9ffb0813654894223afb78a31f14a19ad220bba8aba1cb14eddce1fcfb037155fe6de4e861784eb434f7d11ed58d1e70dd491
  languageName: node
  linkType: hard

"semver@npm:^7.5.4":
  version: 7.6.3
  resolution: "semver@npm:7.6.3"
  bin:
    semver: bin/semver.js
  checksum: 4110ec5d015c9438f322257b1c51fe30276e5f766a3f64c09edd1d7ea7118ecbc3f379f3b69032bacf13116dc7abc4ad8ce0d7e2bd642e26b0d271b56b61a7d8
  languageName: node
  linkType: hard

"undici-types@npm:~6.19.8":
  version: 6.19.8
  resolution: "undici-types@npm:6.19.8"
  checksum: de51f1b447d22571cf155dfe14ff6d12c5bdaec237c765085b439c38ca8518fc360e88c70f99469162bf2e14188a7b0bcb06e1ed2dc031042b984b0bb9544017
  languageName: node
  linkType: hard

"universal-github-app-jwt@npm:^1.1.2":
  version: 1.2.0
  resolution: "universal-github-app-jwt@npm:1.2.0"
  dependencies:
    "@types/jsonwebtoken": ^9.0.0
    jsonwebtoken: ^9.0.2
  checksum: e5d1f80ec3b0fa3eb28049d39e624ca51cd367aaeabebb5858cdf7d2a04d19b70446b6fcdaa01e26e550a93aba43754729372e44908e036d409e65a4b17acb2a
  languageName: node
  linkType: hard

"universal-user-agent@npm:^6.0.0":
  version: 6.0.1
  resolution: "universal-user-agent@npm:6.0.1"
  checksum: fdc8e1ae48a05decfc7ded09b62071f571c7fe0bd793d700704c80cea316101d4eac15cc27ed2bb64f4ce166d2684777c3198b9ab16034f547abea0d3aa1c93c
  languageName: node
  linkType: hard

"wrappy@npm:1":
  version: 1.0.2
  resolution: "wrappy@npm:1.0.2"
  checksum: 159da4805f7e84a3d003d8841557196034155008f817172d4e986bd591f74aa82aa7db55929a54222309e01079a65a92a9e6414da5a6aa4b01ee44a511ac3ee5
  languageName: node
  linkType: hard

"yaml@npm:^2.0.0":
  version: 2.6.1
  resolution: "yaml@npm:2.6.1"
  bin:
    yaml: bin.mjs
  checksum: 5cf2627f121dcf04ccdebce8e6cbac7c9983d465c4eab314f6fbdc13cda8a07f4e8f9c2252a382b30bcabe05ee3c683647293afd52eb37cbcefbdc7b6ebde9ee
  languageName: node
  linkType: hard
